// !$*UTF8*$!
{
	archiveVersion = 1;
	classes = {
	};
	objectVersion = 46;
	objects = {

/* Begin PBXBuildFile section */
		3BA27D8D4DEE33E55C8ED54D /* Pods_LJKit_Example.framework in Frameworks */ = {isa = PBXBuildFile; fileRef = 076F3A62BA98F9D2EFE8EE9B /* Pods_LJKit_Example.framework */; };
		6003F58E195388D20070C39A /* Foundation.framework in Frameworks */ = {isa = PBXBuildFile; fileRef = 6003F58D195388D20070C39A /* Foundation.framework */; };
		6003F590195388D20070C39A /* CoreGraphics.framework in Frameworks */ = {isa = PBXBuildFile; fileRef = 6003F58F195388D20070C39A /* CoreGraphics.framework */; };
		6003F592195388D20070C39A /* UIKit.framework in Frameworks */ = {isa = PBXBuildFile; fileRef = 6003F591195388D20070C39A /* UIKit.framework */; };
		6003F598195388D20070C39A /* InfoPlist.strings in Resources */ = {isa = PBXBuildFile; fileRef = 6003F596195388D20070C39A /* InfoPlist.strings */; };
		6003F59A195388D20070C39A /* main.m in Sources */ = {isa = PBXBuildFile; fileRef = 6003F599195388D20070C39A /* main.m */; };
		6003F5A9195388D20070C39A /* Images.xcassets in Resources */ = {isa = PBXBuildFile; fileRef = 6003F5A8195388D20070C39A /* Images.xcassets */; };
		6003F5B0195388D20070C39A /* XCTest.framework in Frameworks */ = {isa = PBXBuildFile; fileRef = 6003F5AF195388D20070C39A /* XCTest.framework */; };
		6003F5B1195388D20070C39A /* Foundation.framework in Frameworks */ = {isa = PBXBuildFile; fileRef = 6003F58D195388D20070C39A /* Foundation.framework */; };
		6003F5B2195388D20070C39A /* UIKit.framework in Frameworks */ = {isa = PBXBuildFile; fileRef = 6003F591195388D20070C39A /* UIKit.framework */; };
		6003F5BA195388D20070C39A /* InfoPlist.strings in Resources */ = {isa = PBXBuildFile; fileRef = 6003F5B8195388D20070C39A /* InfoPlist.strings */; };
		6003F5BC195388D20070C39A /* Tests.m in Sources */ = {isa = PBXBuildFile; fileRef = 6003F5BB195388D20070C39A /* Tests.m */; };
		71719F9F1E33DC2100824A3D /* LaunchScreen.storyboard in Resources */ = {isa = PBXBuildFile; fileRef = 71719F9D1E33DC2100824A3D /* LaunchScreen.storyboard */; };
		8B05D9C7232F63CF007A72BF /* LJFileManager.m in Sources */ = {isa = PBXBuildFile; fileRef = 8B05D9C6232F63CF007A72BF /* LJFileManager.m */; };
		8B05D9CA232F6557007A72BF /* LJDemoFileManagerController.m in Sources */ = {isa = PBXBuildFile; fileRef = 8B05D9C9232F6557007A72BF /* LJDemoFileManagerController.m */; };
		8B05D9CE232F91A6007A72BF /* LJDebugLogManager.m in Sources */ = {isa = PBXBuildFile; fileRef = 8B05D9CD232F91A6007A72BF /* LJDebugLogManager.m */; };
		8B2B49D82340AFDF0072822F /* CustomView.m in Sources */ = {isa = PBXBuildFile; fileRef = 8B2B49D42340AFDE0072822F /* CustomView.m */; };
		8B2B49D92340AFDF0072822F /* QCMethod.m in Sources */ = {isa = PBXBuildFile; fileRef = 8B2B49D62340AFDE0072822F /* QCMethod.m */; };
		8B2C828722DD6B750026EBF7 /* LJDemoHomeViewController.m in Sources */ = {isa = PBXBuildFile; fileRef = 8B2C828622DD6B750026EBF7 /* LJDemoHomeViewController.m */; };
		8B2CA658234F1524000F6C78 /* LJGoodsModel.m in Sources */ = {isa = PBXBuildFile; fileRef = 8B2CA657234F1524000F6C78 /* LJGoodsModel.m */; };
		8B2CA65B234F1536000F6C78 /* LJGoodsSpecsModel.m in Sources */ = {isa = PBXBuildFile; fileRef = 8B2CA65A234F1536000F6C78 /* LJGoodsSpecsModel.m */; };
		8B2CA65E234F1545000F6C78 /* LJGoodsOptionModel.m in Sources */ = {isa = PBXBuildFile; fileRef = 8B2CA65D234F1545000F6C78 /* LJGoodsOptionModel.m */; };
		8B2CA661234F15F5000F6C78 /* LJGoodsSpecsItemModel.m in Sources */ = {isa = PBXBuildFile; fileRef = 8B2CA660234F15F5000F6C78 /* LJGoodsSpecsItemModel.m */; };
		8B2CA664234F23B3000F6C78 /* LJGoodsOptionSelectedModel.m in Sources */ = {isa = PBXBuildFile; fileRef = 8B2CA663234F23B3000F6C78 /* LJGoodsOptionSelectedModel.m */; };
		8B3BA73F234D818D00146286 /* LJDatePickerView.m in Sources */ = {isa = PBXBuildFile; fileRef = 8B3BA73D234D818D00146286 /* LJDatePickerView.m */; };
		8B3BA743234D8AFC00146286 /* LJSliderVerifyView.m in Sources */ = {isa = PBXBuildFile; fileRef = 8B3BA742234D8AFC00146286 /* LJSliderVerifyView.m */; };
		8B3BA746234DA63B00146286 /* LJSliderVerifyImageView.m in Sources */ = {isa = PBXBuildFile; fileRef = 8B3BA745234DA63B00146286 /* LJSliderVerifyImageView.m */; };
		8B3BA749234DA64800146286 /* LJSliderVerifySliderView.m in Sources */ = {isa = PBXBuildFile; fileRef = 8B3BA748234DA64800146286 /* LJSliderVerifySliderView.m */; };
		8B3BA75A234DBE3D00146286 /* ORSKUDataFilter.m in Sources */ = {isa = PBXBuildFile; fileRef = 8B3BA758234DBE3D00146286 /* ORSKUDataFilter.m */; };
		8B3BA75D234DC0D300146286 /* LJGoodsSpecsView.m in Sources */ = {isa = PBXBuildFile; fileRef = 8B3BA75C234DC0D300146286 /* LJGoodsSpecsView.m */; };
		8B3BA760234DC10100146286 /* LJGoodsSpecsHeadView.m in Sources */ = {isa = PBXBuildFile; fileRef = 8B3BA75F234DC10100146286 /* LJGoodsSpecsHeadView.m */; };
		8B3BA763234DC12600146286 /* LJGoodsSpecsCountView.m in Sources */ = {isa = PBXBuildFile; fileRef = 8B3BA762234DC12600146286 /* LJGoodsSpecsCountView.m */; };
		8B3BA767234DE48300146286 /* LJGoodsSpecsCollectionView.m in Sources */ = {isa = PBXBuildFile; fileRef = 8B3BA766234DE48300146286 /* LJGoodsSpecsCollectionView.m */; };
		8B3BA76A234DE49200146286 /* LJGoodsSpecsCollectionViewCell.m in Sources */ = {isa = PBXBuildFile; fileRef = 8B3BA769234DE49200146286 /* LJGoodsSpecsCollectionViewCell.m */; };
		8B52F7FD233DA79000D98CFC /* LJDemoAlertViewController.m in Sources */ = {isa = PBXBuildFile; fileRef = 8B52F7FC233DA79000D98CFC /* LJDemoAlertViewController.m */; };
		8BA6B230233B02A6001D5ACB /* UIScrollView+LJKit.m in Sources */ = {isa = PBXBuildFile; fileRef = 8BA6B22F233B02A6001D5ACB /* UIScrollView+LJKit.m */; };
		8BA6B233233B0E27001D5ACB /* LJDemoCustomUIController.m in Sources */ = {isa = PBXBuildFile; fileRef = 8BA6B232233B0E27001D5ACB /* LJDemoCustomUIController.m */; };
		8BA6B236233B0F24001D5ACB /* LJDemoCustomUIScrollViewController.m in Sources */ = {isa = PBXBuildFile; fileRef = 8BA6B235233B0F24001D5ACB /* LJDemoCustomUIScrollViewController.m */; };
		8BA6B23C233B6083001D5ACB /* LJDemoToastViewController.m in Sources */ = {isa = PBXBuildFile; fileRef = 8BA6B23B233B6083001D5ACB /* LJDemoToastViewController.m */; };
		8BCBD2CD2339ECCB0066460D /* LJDemoLocationController.m in Sources */ = {isa = PBXBuildFile; fileRef = 8BCBD2CC2339ECCB0066460D /* LJDemoLocationController.m */; };
		8BD142752334C94F00201B60 /* LJAuthorityManager.m in Sources */ = {isa = PBXBuildFile; fileRef = 8BD142742334C94F00201B60 /* LJAuthorityManager.m */; };
		8BDC2C052341A1B7000C04DF /* LJAlertContainerView.m in Sources */ = {isa = PBXBuildFile; fileRef = 8BDC2C042341A1B7000C04DF /* LJAlertContainerView.m */; };
		8BDC2C0A2341C982000C04DF /* LJWebViewController.m in Sources */ = {isa = PBXBuildFile; fileRef = 8BDC2C092341C982000C04DF /* LJWebViewController.m */; };
		8BDC2C112341C9CF000C04DF /* LJToast.m in Sources */ = {isa = PBXBuildFile; fileRef = 8BDC2C102341C9CF000C04DF /* LJToast.m */; };
		8BDC2C172341DF0A000C04DF /* LJAlertCheckPwdView.m in Sources */ = {isa = PBXBuildFile; fileRef = 8BDC2C162341DF0A000C04DF /* LJAlertCheckPwdView.m */; };
		8BDC2C1A2341DFA7000C04DF /* LJBoxTextFieldView.m in Sources */ = {isa = PBXBuildFile; fileRef = 8BDC2C192341DFA7000C04DF /* LJBoxTextFieldView.m */; };
		8BDC2C1D2341DFBF000C04DF /* LJBoxTextFieldViewCell.m in Sources */ = {isa = PBXBuildFile; fileRef = 8BDC2C1C2341DFBF000C04DF /* LJBoxTextFieldViewCell.m */; };
		8BDD99DC2330751400504CDB /* LJDebugLogView.m in Sources */ = {isa = PBXBuildFile; fileRef = 8BDD99DB2330751400504CDB /* LJDebugLogView.m */; };
		8BDD99DF2330A6E000504CDB /* UIAppDelegate+LJKit.m in Sources */ = {isa = PBXBuildFile; fileRef = 8BDD99DE2330A6E000504CDB /* UIAppDelegate+LJKit.m */; };
		8BDD99E32330ADCE00504CDB /* LJExceptionManager.m in Sources */ = {isa = PBXBuildFile; fileRef = 8BDD99E22330ADCE00504CDB /* LJExceptionManager.m */; };
		8BDD99E62330BAF300504CDB /* NSFileManager+LJKit.m in Sources */ = {isa = PBXBuildFile; fileRef = 8BDD99E52330BAF300504CDB /* NSFileManager+LJKit.m */; };
		8BDD99E92330CE5800504CDB /* LJCrashAlertView.m in Sources */ = {isa = PBXBuildFile; fileRef = 8BDD99E82330CE5800504CDB /* LJCrashAlertView.m */; };
		8BE1E79223338526009FB19D /* LJDemoImagePickerController.m in Sources */ = {isa = PBXBuildFile; fileRef = 8BE1E79123338526009FB19D /* LJDemoImagePickerController.m */; };
		8BF4DE392340750400B80CB2 /* LJDemoAnimationController.m in Sources */ = {isa = PBXBuildFile; fileRef = 8BF4DE382340750400B80CB2 /* LJDemoAnimationController.m */; };
		8BF4DE402340782E00B80CB2 /* LJAnimationView.m in Sources */ = {isa = PBXBuildFile; fileRef = 8BF4DE3F2340782E00B80CB2 /* LJAnimationView.m */; };
		8BF5F0CD2339C08100996D1B /* LJHttpConfig.m in Sources */ = {isa = PBXBuildFile; fileRef = 8BF5F0CC2339C08100996D1B /* LJHttpConfig.m */; };
		8BFA508423273D010014F6E0 /* LJDemoDebugController.m in Sources */ = {isa = PBXBuildFile; fileRef = 8BFA508323273D010014F6E0 /* LJDemoDebugController.m */; };
		8BFA509623274BB30014F6E0 /* LJDemoBaseController.m in Sources */ = {isa = PBXBuildFile; fileRef = 8BFA509523274BB30014F6E0 /* LJDemoBaseController.m */; };
		8BFA509923274D3D0014F6E0 /* LJDemoHttpManagerController.m in Sources */ = {isa = PBXBuildFile; fileRef = 8BFA509823274D3D0014F6E0 /* LJDemoHttpManagerController.m */; };
		8BFA50E42327881E0014F6E0 /* UIBarButtonItem+LJKit.m in Sources */ = {isa = PBXBuildFile; fileRef = 8BFA50CC2327881E0014F6E0 /* UIBarButtonItem+LJKit.m */; };
		8BFA50E52327881E0014F6E0 /* UIView+LJKit.m in Sources */ = {isa = PBXBuildFile; fileRef = 8BFA50CD2327881E0014F6E0 /* UIView+LJKit.m */; };
		8BFA50E62327881E0014F6E0 /* UIViewController+LJKit.m in Sources */ = {isa = PBXBuildFile; fileRef = 8BFA50D22327881E0014F6E0 /* UIViewController+LJKit.m */; };
		8BFA50E72327881E0014F6E0 /* UIImage+LJKit.m in Sources */ = {isa = PBXBuildFile; fileRef = 8BFA50D32327881E0014F6E0 /* UIImage+LJKit.m */; };
		8BFA50E82327881E0014F6E0 /* NSString+LJKit.m in Sources */ = {isa = PBXBuildFile; fileRef = 8BFA50D72327881E0014F6E0 /* NSString+LJKit.m */; };
		8BFA50E92327881E0014F6E0 /* NSDate+LJKit.m in Sources */ = {isa = PBXBuildFile; fileRef = 8BFA50D82327881E0014F6E0 /* NSDate+LJKit.m */; };
		8BFA50EB2327881E0014F6E0 /* LJSandboxViewController.m in Sources */ = {isa = PBXBuildFile; fileRef = 8BFA50DF2327881E0014F6E0 /* LJSandboxViewController.m */; };
		8BFA50EC2327881E0014F6E0 /* .gitkeep in Resources */ = {isa = PBXBuildFile; fileRef = 8BFA50E32327881E0014F6E0 /* .gitkeep */; };
		8BFA50EF23278A090014F6E0 /* LJClassHomeController.m in Sources */ = {isa = PBXBuildFile; fileRef = 8BFA50EE23278A090014F6E0 /* LJClassHomeController.m */; };
		8BFA50F223278A380014F6E0 /* LJLocationManager.m in Sources */ = {isa = PBXBuildFile; fileRef = 8BFA50F123278A380014F6E0 /* LJLocationManager.m */; };
		8BFA50F723278A770014F6E0 /* LJAlertViewController.m in Sources */ = {isa = PBXBuildFile; fileRef = 8BFA50F623278A770014F6E0 /* LJAlertViewController.m */; };
		8BFA50FC23278B080014F6E0 /* LJThemeManager.m in Sources */ = {isa = PBXBuildFile; fileRef = 8BFA50FB23278B080014F6E0 /* LJThemeManager.m */; };
		8BFA510323278D7A0014F6E0 /* LJImagePickerManager.m in Sources */ = {isa = PBXBuildFile; fileRef = 8BFA510223278D7A0014F6E0 /* LJImagePickerManager.m */; };
		8BFA5108232795160014F6E0 /* UIAppDelegate.m in Sources */ = {isa = PBXBuildFile; fileRef = 8BFA5107232795160014F6E0 /* UIAppDelegate.m */; };
		8BFA51162327A0A80014F6E0 /* LJHttpRequest.m in Sources */ = {isa = PBXBuildFile; fileRef = 8BFA510C2327A0A80014F6E0 /* LJHttpRequest.m */; };
		8BFA51182327A0A80014F6E0 /* LJHttpManager.m in Sources */ = {isa = PBXBuildFile; fileRef = 8BFA51122327A0A80014F6E0 /* LJHttpManager.m */; };
		8BFA51192327A0A80014F6E0 /* LJHttpUploadModel.m in Sources */ = {isa = PBXBuildFile; fileRef = 8BFA51132327A0A80014F6E0 /* LJHttpUploadModel.m */; };
		8BFA511D23288BDA0014F6E0 /* LJSandboxHomeController.m in Sources */ = {isa = PBXBuildFile; fileRef = 8BFA511C23288BDA0014F6E0 /* LJSandboxHomeController.m */; };
		8BFA512023288C940014F6E0 /* LJSandboxModel.m in Sources */ = {isa = PBXBuildFile; fileRef = 8BFA511F23288C940014F6E0 /* LJSandboxModel.m */; };
		8BFA512323288CC90014F6E0 /* LJSandboxViewCell.m in Sources */ = {isa = PBXBuildFile; fileRef = 8BFA512223288CC90014F6E0 /* LJSandboxViewCell.m */; };
		8BFA512623288CDC0014F6E0 /* LJLocalFilePreviewController.m in Sources */ = {isa = PBXBuildFile; fileRef = 8BFA512523288CDC0014F6E0 /* LJLocalFilePreviewController.m */; };
		8BFA512D2328BDB30014F6E0 /* LJHttpResponse.m in Sources */ = {isa = PBXBuildFile; fileRef = 8BFA512B2328BDB30014F6E0 /* LJHttpResponse.m */; };
		8BFA51312328D5F40014F6E0 /* NSObject+LJKit.m in Sources */ = {isa = PBXBuildFile; fileRef = 8BFA51302328D5F40014F6E0 /* NSObject+LJKit.m */; };
		8BFA5135232A0BEA0014F6E0 /* LJClassViewController.m in Sources */ = {isa = PBXBuildFile; fileRef = 8BFA5134232A0BEA0014F6E0 /* LJClassViewController.m */; };
		8BFA5138232A11960014F6E0 /* LJClassDetailController.m in Sources */ = {isa = PBXBuildFile; fileRef = 8BFA5137232A11960014F6E0 /* LJClassDetailController.m */; };
		D71509C90EC597059B2349C2 /* Pods_LJKit_Tests.framework in Frameworks */ = {isa = PBXBuildFile; fileRef = 23B0BD7AC5448F5558A57E46 /* Pods_LJKit_Tests.framework */; };
/* End PBXBuildFile section */

/* Begin PBXContainerItemProxy section */
		6003F5B3195388D20070C39A /* PBXContainerItemProxy */ = {
			isa = PBXContainerItemProxy;
			containerPortal = 6003F582195388D10070C39A /* Project object */;
			proxyType = 1;
			remoteGlobalIDString = 6003F589195388D20070C39A;
			remoteInfo = LJKit;
		};
/* End PBXContainerItemProxy section */

/* Begin PBXFileReference section */
		076F3A62BA98F9D2EFE8EE9B /* Pods_LJKit_Example.framework */ = {isa = PBXFileReference; explicitFileType = wrapper.framework; includeInIndex = 0; path = Pods_LJKit_Example.framework; sourceTree = BUILT_PRODUCTS_DIR; };
		09DAA036854CFC2576EC95F3 /* Pods-LJKit_Tests.debug.xcconfig */ = {isa = PBXFileReference; includeInIndex = 1; lastKnownFileType = text.xcconfig; name = "Pods-LJKit_Tests.debug.xcconfig"; path = "Pods/Target Support Files/Pods-LJKit_Tests/Pods-LJKit_Tests.debug.xcconfig"; sourceTree = "<group>"; };
		23B0BD7AC5448F5558A57E46 /* Pods_LJKit_Tests.framework */ = {isa = PBXFileReference; explicitFileType = wrapper.framework; includeInIndex = 0; path = Pods_LJKit_Tests.framework; sourceTree = BUILT_PRODUCTS_DIR; };
		28816E2AB9BD366FF68BF935 /* Pods-LJKit_Tests.release.xcconfig */ = {isa = PBXFileReference; includeInIndex = 1; lastKnownFileType = text.xcconfig; name = "Pods-LJKit_Tests.release.xcconfig"; path = "Pods/Target Support Files/Pods-LJKit_Tests/Pods-LJKit_Tests.release.xcconfig"; sourceTree = "<group>"; };
		440B178DD5FCAC85F94D01AE /* README.md */ = {isa = PBXFileReference; includeInIndex = 1; lastKnownFileType = net.daringfireball.markdown; name = README.md; path = ../README.md; sourceTree = "<group>"; };
		6003F58A195388D20070C39A /* LJKit_Example.app */ = {isa = PBXFileReference; explicitFileType = wrapper.application; includeInIndex = 0; path = LJKit_Example.app; sourceTree = BUILT_PRODUCTS_DIR; };
		6003F58D195388D20070C39A /* Foundation.framework */ = {isa = PBXFileReference; lastKnownFileType = wrapper.framework; name = Foundation.framework; path = System/Library/Frameworks/Foundation.framework; sourceTree = SDKROOT; };
		6003F58F195388D20070C39A /* CoreGraphics.framework */ = {isa = PBXFileReference; lastKnownFileType = wrapper.framework; name = CoreGraphics.framework; path = System/Library/Frameworks/CoreGraphics.framework; sourceTree = SDKROOT; };
		6003F591195388D20070C39A /* UIKit.framework */ = {isa = PBXFileReference; lastKnownFileType = wrapper.framework; name = UIKit.framework; path = System/Library/Frameworks/UIKit.framework; sourceTree = SDKROOT; };
		6003F595195388D20070C39A /* LJKit-Info.plist */ = {isa = PBXFileReference; lastKnownFileType = text.plist.xml; path = "LJKit-Info.plist"; sourceTree = "<group>"; };
		6003F597195388D20070C39A /* en */ = {isa = PBXFileReference; lastKnownFileType = text.plist.strings; name = en; path = en.lproj/InfoPlist.strings; sourceTree = "<group>"; };
		6003F599195388D20070C39A /* main.m */ = {isa = PBXFileReference; lastKnownFileType = sourcecode.c.objc; path = main.m; sourceTree = "<group>"; };
		6003F59B195388D20070C39A /* LJKit-Prefix.pch */ = {isa = PBXFileReference; lastKnownFileType = sourcecode.c.h; path = "LJKit-Prefix.pch"; sourceTree = "<group>"; };
		6003F5A8195388D20070C39A /* Images.xcassets */ = {isa = PBXFileReference; lastKnownFileType = folder.assetcatalog; path = Images.xcassets; sourceTree = "<group>"; };
		6003F5AE195388D20070C39A /* LJKit_Tests.xctest */ = {isa = PBXFileReference; explicitFileType = wrapper.cfbundle; includeInIndex = 0; path = LJKit_Tests.xctest; sourceTree = BUILT_PRODUCTS_DIR; };
		6003F5AF195388D20070C39A /* XCTest.framework */ = {isa = PBXFileReference; lastKnownFileType = wrapper.framework; name = XCTest.framework; path = Library/Frameworks/XCTest.framework; sourceTree = DEVELOPER_DIR; };
		6003F5B7195388D20070C39A /* Tests-Info.plist */ = {isa = PBXFileReference; lastKnownFileType = text.plist.xml; path = "Tests-Info.plist"; sourceTree = "<group>"; };
		6003F5B9195388D20070C39A /* en */ = {isa = PBXFileReference; lastKnownFileType = text.plist.strings; name = en; path = en.lproj/InfoPlist.strings; sourceTree = "<group>"; };
		6003F5BB195388D20070C39A /* Tests.m */ = {isa = PBXFileReference; lastKnownFileType = sourcecode.c.objc; path = Tests.m; sourceTree = "<group>"; };
		606FC2411953D9B200FFA9A0 /* Tests-Prefix.pch */ = {isa = PBXFileReference; lastKnownFileType = sourcecode.c.h; path = "Tests-Prefix.pch"; sourceTree = "<group>"; };
		64AB2533BEA4784402527DF4 /* Pods-LJKit_Example.release.xcconfig */ = {isa = PBXFileReference; includeInIndex = 1; lastKnownFileType = text.xcconfig; name = "Pods-LJKit_Example.release.xcconfig"; path = "Pods/Target Support Files/Pods-LJKit_Example/Pods-LJKit_Example.release.xcconfig"; sourceTree = "<group>"; };
		71719F9E1E33DC2100824A3D /* Base */ = {isa = PBXFileReference; lastKnownFileType = file.storyboard; name = Base; path = Base.lproj/LaunchScreen.storyboard; sourceTree = "<group>"; };
		8B05D9C5232F63CF007A72BF /* LJFileManager.h */ = {isa = PBXFileReference; lastKnownFileType = sourcecode.c.h; path = LJFileManager.h; sourceTree = "<group>"; };
		8B05D9C6232F63CF007A72BF /* LJFileManager.m */ = {isa = PBXFileReference; lastKnownFileType = sourcecode.c.objc; path = LJFileManager.m; sourceTree = "<group>"; };
		8B05D9C8232F6557007A72BF /* LJDemoFileManagerController.h */ = {isa = PBXFileReference; lastKnownFileType = sourcecode.c.h; path = LJDemoFileManagerController.h; sourceTree = "<group>"; };
		8B05D9C9232F6557007A72BF /* LJDemoFileManagerController.m */ = {isa = PBXFileReference; lastKnownFileType = sourcecode.c.objc; path = LJDemoFileManagerController.m; sourceTree = "<group>"; };
		8B05D9CC232F91A6007A72BF /* LJDebugLogManager.h */ = {isa = PBXFileReference; lastKnownFileType = sourcecode.c.h; path = LJDebugLogManager.h; sourceTree = "<group>"; };
		8B05D9CD232F91A6007A72BF /* LJDebugLogManager.m */ = {isa = PBXFileReference; lastKnownFileType = sourcecode.c.objc; path = LJDebugLogManager.m; sourceTree = "<group>"; };
		8B2B49D42340AFDE0072822F /* CustomView.m */ = {isa = PBXFileReference; fileEncoding = 4; lastKnownFileType = sourcecode.c.objc; path = CustomView.m; sourceTree = "<group>"; };
		8B2B49D52340AFDE0072822F /* QCMethod.h */ = {isa = PBXFileReference; fileEncoding = 4; lastKnownFileType = sourcecode.c.h; path = QCMethod.h; sourceTree = "<group>"; };
		8B2B49D62340AFDE0072822F /* QCMethod.m */ = {isa = PBXFileReference; fileEncoding = 4; lastKnownFileType = sourcecode.c.objc; path = QCMethod.m; sourceTree = "<group>"; };
		8B2B49D72340AFDF0072822F /* CustomView.h */ = {isa = PBXFileReference; fileEncoding = 4; lastKnownFileType = sourcecode.c.h; path = CustomView.h; sourceTree = "<group>"; };
		8B2C828522DD6B750026EBF7 /* LJDemoHomeViewController.h */ = {isa = PBXFileReference; lastKnownFileType = sourcecode.c.h; path = LJDemoHomeViewController.h; sourceTree = "<group>"; };
		8B2C828622DD6B750026EBF7 /* LJDemoHomeViewController.m */ = {isa = PBXFileReference; lastKnownFileType = sourcecode.c.objc; path = LJDemoHomeViewController.m; sourceTree = "<group>"; };
		8B2C829A22DD7ABD0026EBF7 /* zh-Hans */ = {isa = PBXFileReference; lastKnownFileType = text.plist.strings; name = "zh-Hans"; path = "zh-Hans.lproj/InfoPlist.strings"; sourceTree = "<group>"; };
		8B2C829B22DD7ABD0026EBF7 /* zh-Hans */ = {isa = PBXFileReference; lastKnownFileType = text.plist.strings; name = "zh-Hans"; path = "zh-Hans.lproj/LaunchScreen.strings"; sourceTree = "<group>"; };
		8B2C829C22DD7ABD0026EBF7 /* zh-Hans */ = {isa = PBXFileReference; lastKnownFileType = text.plist.strings; name = "zh-Hans"; path = "zh-Hans.lproj/InfoPlist.strings"; sourceTree = "<group>"; };
		8B2C829D22DD7AC40026EBF7 /* zh-Hans */ = {isa = PBXFileReference; lastKnownFileType = text.plist.strings; name = "zh-Hans"; path = "zh-Hans.lproj/LaunchScreen.strings"; sourceTree = "<group>"; };
		8B2CA656234F1524000F6C78 /* LJGoodsModel.h */ = {isa = PBXFileReference; lastKnownFileType = sourcecode.c.h; path = LJGoodsModel.h; sourceTree = "<group>"; };
		8B2CA657234F1524000F6C78 /* LJGoodsModel.m */ = {isa = PBXFileReference; lastKnownFileType = sourcecode.c.objc; path = LJGoodsModel.m; sourceTree = "<group>"; };
		8B2CA659234F1536000F6C78 /* LJGoodsSpecsModel.h */ = {isa = PBXFileReference; lastKnownFileType = sourcecode.c.h; path = LJGoodsSpecsModel.h; sourceTree = "<group>"; };
		8B2CA65A234F1536000F6C78 /* LJGoodsSpecsModel.m */ = {isa = PBXFileReference; lastKnownFileType = sourcecode.c.objc; path = LJGoodsSpecsModel.m; sourceTree = "<group>"; };
		8B2CA65C234F1545000F6C78 /* LJGoodsOptionModel.h */ = {isa = PBXFileReference; lastKnownFileType = sourcecode.c.h; path = LJGoodsOptionModel.h; sourceTree = "<group>"; };
		8B2CA65D234F1545000F6C78 /* LJGoodsOptionModel.m */ = {isa = PBXFileReference; lastKnownFileType = sourcecode.c.objc; path = LJGoodsOptionModel.m; sourceTree = "<group>"; };
		8B2CA65F234F15F5000F6C78 /* LJGoodsSpecsItemModel.h */ = {isa = PBXFileReference; lastKnownFileType = sourcecode.c.h; path = LJGoodsSpecsItemModel.h; sourceTree = "<group>"; };
		8B2CA660234F15F5000F6C78 /* LJGoodsSpecsItemModel.m */ = {isa = PBXFileReference; lastKnownFileType = sourcecode.c.objc; path = LJGoodsSpecsItemModel.m; sourceTree = "<group>"; };
		8B2CA662234F23B3000F6C78 /* LJGoodsOptionSelectedModel.h */ = {isa = PBXFileReference; lastKnownFileType = sourcecode.c.h; path = LJGoodsOptionSelectedModel.h; sourceTree = "<group>"; };
		8B2CA663234F23B3000F6C78 /* LJGoodsOptionSelectedModel.m */ = {isa = PBXFileReference; lastKnownFileType = sourcecode.c.objc; path = LJGoodsOptionSelectedModel.m; sourceTree = "<group>"; };
		8B3BA73D234D818D00146286 /* LJDatePickerView.m */ = {isa = PBXFileReference; fileEncoding = 4; lastKnownFileType = sourcecode.c.objc; path = LJDatePickerView.m; sourceTree = "<group>"; };
		8B3BA73E234D818D00146286 /* LJDatePickerView.h */ = {isa = PBXFileReference; fileEncoding = 4; lastKnownFileType = sourcecode.c.h; path = LJDatePickerView.h; sourceTree = "<group>"; };
		8B3BA741234D8AFC00146286 /* LJSliderVerifyView.h */ = {isa = PBXFileReference; lastKnownFileType = sourcecode.c.h; path = LJSliderVerifyView.h; sourceTree = "<group>"; };
		8B3BA742234D8AFC00146286 /* LJSliderVerifyView.m */ = {isa = PBXFileReference; lastKnownFileType = sourcecode.c.objc; path = LJSliderVerifyView.m; sourceTree = "<group>"; };
		8B3BA744234DA63B00146286 /* LJSliderVerifyImageView.h */ = {isa = PBXFileReference; lastKnownFileType = sourcecode.c.h; path = LJSliderVerifyImageView.h; sourceTree = "<group>"; };
		8B3BA745234DA63B00146286 /* LJSliderVerifyImageView.m */ = {isa = PBXFileReference; lastKnownFileType = sourcecode.c.objc; path = LJSliderVerifyImageView.m; sourceTree = "<group>"; };
		8B3BA747234DA64800146286 /* LJSliderVerifySliderView.h */ = {isa = PBXFileReference; lastKnownFileType = sourcecode.c.h; path = LJSliderVerifySliderView.h; sourceTree = "<group>"; };
		8B3BA748234DA64800146286 /* LJSliderVerifySliderView.m */ = {isa = PBXFileReference; lastKnownFileType = sourcecode.c.objc; path = LJSliderVerifySliderView.m; sourceTree = "<group>"; };
		8B3BA758234DBE3D00146286 /* ORSKUDataFilter.m */ = {isa = PBXFileReference; fileEncoding = 4; lastKnownFileType = sourcecode.c.objc; path = ORSKUDataFilter.m; sourceTree = "<group>"; };
		8B3BA759234DBE3D00146286 /* ORSKUDataFilter.h */ = {isa = PBXFileReference; fileEncoding = 4; lastKnownFileType = sourcecode.c.h; path = ORSKUDataFilter.h; sourceTree = "<group>"; };
		8B3BA75B234DC0D300146286 /* LJGoodsSpecsView.h */ = {isa = PBXFileReference; lastKnownFileType = sourcecode.c.h; path = LJGoodsSpecsView.h; sourceTree = "<group>"; };
		8B3BA75C234DC0D300146286 /* LJGoodsSpecsView.m */ = {isa = PBXFileReference; lastKnownFileType = sourcecode.c.objc; path = LJGoodsSpecsView.m; sourceTree = "<group>"; };
		8B3BA75E234DC10100146286 /* LJGoodsSpecsHeadView.h */ = {isa = PBXFileReference; lastKnownFileType = sourcecode.c.h; path = LJGoodsSpecsHeadView.h; sourceTree = "<group>"; };
		8B3BA75F234DC10100146286 /* LJGoodsSpecsHeadView.m */ = {isa = PBXFileReference; lastKnownFileType = sourcecode.c.objc; path = LJGoodsSpecsHeadView.m; sourceTree = "<group>"; };
		8B3BA761234DC12600146286 /* LJGoodsSpecsCountView.h */ = {isa = PBXFileReference; lastKnownFileType = sourcecode.c.h; path = LJGoodsSpecsCountView.h; sourceTree = "<group>"; };
		8B3BA762234DC12600146286 /* LJGoodsSpecsCountView.m */ = {isa = PBXFileReference; lastKnownFileType = sourcecode.c.objc; path = LJGoodsSpecsCountView.m; sourceTree = "<group>"; };
		8B3BA765234DE48300146286 /* LJGoodsSpecsCollectionView.h */ = {isa = PBXFileReference; lastKnownFileType = sourcecode.c.h; path = LJGoodsSpecsCollectionView.h; sourceTree = "<group>"; };
		8B3BA766234DE48300146286 /* LJGoodsSpecsCollectionView.m */ = {isa = PBXFileReference; lastKnownFileType = sourcecode.c.objc; path = LJGoodsSpecsCollectionView.m; sourceTree = "<group>"; };
		8B3BA768234DE49200146286 /* LJGoodsSpecsCollectionViewCell.h */ = {isa = PBXFileReference; lastKnownFileType = sourcecode.c.h; path = LJGoodsSpecsCollectionViewCell.h; sourceTree = "<group>"; };
		8B3BA769234DE49200146286 /* LJGoodsSpecsCollectionViewCell.m */ = {isa = PBXFileReference; lastKnownFileType = sourcecode.c.objc; path = LJGoodsSpecsCollectionViewCell.m; sourceTree = "<group>"; };
		8B4DBF14234C56960035C8C9 /* LJKit_Example.entitlements */ = {isa = PBXFileReference; lastKnownFileType = text.plist.entitlements; path = LJKit_Example.entitlements; sourceTree = "<group>"; };
		8B52F7FB233DA79000D98CFC /* LJDemoAlertViewController.h */ = {isa = PBXFileReference; lastKnownFileType = sourcecode.c.h; path = LJDemoAlertViewController.h; sourceTree = "<group>"; };
		8B52F7FC233DA79000D98CFC /* LJDemoAlertViewController.m */ = {isa = PBXFileReference; lastKnownFileType = sourcecode.c.objc; path = LJDemoAlertViewController.m; sourceTree = "<group>"; };
		8BA6B22E233B02A6001D5ACB /* UIScrollView+LJKit.h */ = {isa = PBXFileReference; lastKnownFileType = sourcecode.c.h; path = "UIScrollView+LJKit.h"; sourceTree = "<group>"; };
		8BA6B22F233B02A6001D5ACB /* UIScrollView+LJKit.m */ = {isa = PBXFileReference; lastKnownFileType = sourcecode.c.objc; path = "UIScrollView+LJKit.m"; sourceTree = "<group>"; };
		8BA6B231233B0E27001D5ACB /* LJDemoCustomUIController.h */ = {isa = PBXFileReference; lastKnownFileType = sourcecode.c.h; path = LJDemoCustomUIController.h; sourceTree = "<group>"; };
		8BA6B232233B0E27001D5ACB /* LJDemoCustomUIController.m */ = {isa = PBXFileReference; lastKnownFileType = sourcecode.c.objc; path = LJDemoCustomUIController.m; sourceTree = "<group>"; };
		8BA6B234233B0F24001D5ACB /* LJDemoCustomUIScrollViewController.h */ = {isa = PBXFileReference; lastKnownFileType = sourcecode.c.h; path = LJDemoCustomUIScrollViewController.h; sourceTree = "<group>"; };
		8BA6B235233B0F24001D5ACB /* LJDemoCustomUIScrollViewController.m */ = {isa = PBXFileReference; lastKnownFileType = sourcecode.c.objc; path = LJDemoCustomUIScrollViewController.m; sourceTree = "<group>"; };
		8BA6B23A233B6083001D5ACB /* LJDemoToastViewController.h */ = {isa = PBXFileReference; lastKnownFileType = sourcecode.c.h; path = LJDemoToastViewController.h; sourceTree = "<group>"; };
		8BA6B23B233B6083001D5ACB /* LJDemoToastViewController.m */ = {isa = PBXFileReference; lastKnownFileType = sourcecode.c.objc; path = LJDemoToastViewController.m; sourceTree = "<group>"; };
		8BCBD2CB2339ECCB0066460D /* LJDemoLocationController.h */ = {isa = PBXFileReference; lastKnownFileType = sourcecode.c.h; path = LJDemoLocationController.h; sourceTree = "<group>"; };
		8BCBD2CC2339ECCB0066460D /* LJDemoLocationController.m */ = {isa = PBXFileReference; lastKnownFileType = sourcecode.c.objc; path = LJDemoLocationController.m; sourceTree = "<group>"; };
		8BD142732334C94F00201B60 /* LJAuthorityManager.h */ = {isa = PBXFileReference; lastKnownFileType = sourcecode.c.h; path = LJAuthorityManager.h; sourceTree = "<group>"; };
		8BD142742334C94F00201B60 /* LJAuthorityManager.m */ = {isa = PBXFileReference; lastKnownFileType = sourcecode.c.objc; path = LJAuthorityManager.m; sourceTree = "<group>"; };
		8BD3F9EE2331CFCD0062EA29 /* LJHttpResponse.h */ = {isa = PBXFileReference; lastKnownFileType = sourcecode.c.h; path = LJHttpResponse.h; sourceTree = "<group>"; };
		8BDC2C032341A1B7000C04DF /* LJAlertContainerView.h */ = {isa = PBXFileReference; lastKnownFileType = sourcecode.c.h; path = LJAlertContainerView.h; sourceTree = "<group>"; };
		8BDC2C042341A1B7000C04DF /* LJAlertContainerView.m */ = {isa = PBXFileReference; lastKnownFileType = sourcecode.c.objc; path = LJAlertContainerView.m; sourceTree = "<group>"; };
		8BDC2C082341C982000C04DF /* LJWebViewController.h */ = {isa = PBXFileReference; lastKnownFileType = sourcecode.c.h; path = LJWebViewController.h; sourceTree = "<group>"; };
		8BDC2C092341C982000C04DF /* LJWebViewController.m */ = {isa = PBXFileReference; lastKnownFileType = sourcecode.c.objc; path = LJWebViewController.m; sourceTree = "<group>"; };
		8BDC2C0F2341C9CF000C04DF /* LJToast.h */ = {isa = PBXFileReference; fileEncoding = 4; lastKnownFileType = sourcecode.c.h; path = LJToast.h; sourceTree = "<group>"; };
		8BDC2C102341C9CF000C04DF /* LJToast.m */ = {isa = PBXFileReference; fileEncoding = 4; lastKnownFileType = sourcecode.c.objc; path = LJToast.m; sourceTree = "<group>"; };
		8BDC2C152341DF0A000C04DF /* LJAlertCheckPwdView.h */ = {isa = PBXFileReference; lastKnownFileType = sourcecode.c.h; path = LJAlertCheckPwdView.h; sourceTree = "<group>"; };
		8BDC2C162341DF0A000C04DF /* LJAlertCheckPwdView.m */ = {isa = PBXFileReference; lastKnownFileType = sourcecode.c.objc; path = LJAlertCheckPwdView.m; sourceTree = "<group>"; };
		8BDC2C182341DFA7000C04DF /* LJBoxTextFieldView.h */ = {isa = PBXFileReference; lastKnownFileType = sourcecode.c.h; path = LJBoxTextFieldView.h; sourceTree = "<group>"; };
		8BDC2C192341DFA7000C04DF /* LJBoxTextFieldView.m */ = {isa = PBXFileReference; lastKnownFileType = sourcecode.c.objc; path = LJBoxTextFieldView.m; sourceTree = "<group>"; };
		8BDC2C1B2341DFBF000C04DF /* LJBoxTextFieldViewCell.h */ = {isa = PBXFileReference; lastKnownFileType = sourcecode.c.h; path = LJBoxTextFieldViewCell.h; sourceTree = "<group>"; };
		8BDC2C1C2341DFBF000C04DF /* LJBoxTextFieldViewCell.m */ = {isa = PBXFileReference; lastKnownFileType = sourcecode.c.objc; path = LJBoxTextFieldViewCell.m; sourceTree = "<group>"; };
		8BDD99DA2330751400504CDB /* LJDebugLogView.h */ = {isa = PBXFileReference; lastKnownFileType = sourcecode.c.h; path = LJDebugLogView.h; sourceTree = "<group>"; };
		8BDD99DB2330751400504CDB /* LJDebugLogView.m */ = {isa = PBXFileReference; lastKnownFileType = sourcecode.c.objc; path = LJDebugLogView.m; sourceTree = "<group>"; };
		8BDD99DD2330A6E000504CDB /* UIAppDelegate+LJKit.h */ = {isa = PBXFileReference; lastKnownFileType = sourcecode.c.h; path = "UIAppDelegate+LJKit.h"; sourceTree = "<group>"; };
		8BDD99DE2330A6E000504CDB /* UIAppDelegate+LJKit.m */ = {isa = PBXFileReference; lastKnownFileType = sourcecode.c.objc; path = "UIAppDelegate+LJKit.m"; sourceTree = "<group>"; };
		8BDD99E12330ADCE00504CDB /* LJExceptionManager.h */ = {isa = PBXFileReference; lastKnownFileType = sourcecode.c.h; path = LJExceptionManager.h; sourceTree = "<group>"; };
		8BDD99E22330ADCE00504CDB /* LJExceptionManager.m */ = {isa = PBXFileReference; lastKnownFileType = sourcecode.c.objc; path = LJExceptionManager.m; sourceTree = "<group>"; };
		8BDD99E42330BAF300504CDB /* NSFileManager+LJKit.h */ = {isa = PBXFileReference; lastKnownFileType = sourcecode.c.h; path = "NSFileManager+LJKit.h"; sourceTree = "<group>"; };
		8BDD99E52330BAF300504CDB /* NSFileManager+LJKit.m */ = {isa = PBXFileReference; lastKnownFileType = sourcecode.c.objc; path = "NSFileManager+LJKit.m"; sourceTree = "<group>"; };
		8BDD99E72330CE5800504CDB /* LJCrashAlertView.h */ = {isa = PBXFileReference; lastKnownFileType = sourcecode.c.h; path = LJCrashAlertView.h; sourceTree = "<group>"; };
		8BDD99E82330CE5800504CDB /* LJCrashAlertView.m */ = {isa = PBXFileReference; lastKnownFileType = sourcecode.c.objc; path = LJCrashAlertView.m; sourceTree = "<group>"; };
		8BE1E79023338526009FB19D /* LJDemoImagePickerController.h */ = {isa = PBXFileReference; lastKnownFileType = sourcecode.c.h; path = LJDemoImagePickerController.h; sourceTree = "<group>"; };
		8BE1E79123338526009FB19D /* LJDemoImagePickerController.m */ = {isa = PBXFileReference; lastKnownFileType = sourcecode.c.objc; path = LJDemoImagePickerController.m; sourceTree = "<group>"; };
		8BF4DE372340750400B80CB2 /* LJDemoAnimationController.h */ = {isa = PBXFileReference; lastKnownFileType = sourcecode.c.h; path = LJDemoAnimationController.h; sourceTree = "<group>"; };
		8BF4DE382340750400B80CB2 /* LJDemoAnimationController.m */ = {isa = PBXFileReference; lastKnownFileType = sourcecode.c.objc; path = LJDemoAnimationController.m; sourceTree = "<group>"; };
		8BF4DE3E2340782E00B80CB2 /* LJAnimationView.h */ = {isa = PBXFileReference; lastKnownFileType = sourcecode.c.h; path = LJAnimationView.h; sourceTree = "<group>"; };
		8BF4DE3F2340782E00B80CB2 /* LJAnimationView.m */ = {isa = PBXFileReference; lastKnownFileType = sourcecode.c.objc; path = LJAnimationView.m; sourceTree = "<group>"; };
		8BF5F0CB2339C08100996D1B /* LJHttpConfig.h */ = {isa = PBXFileReference; lastKnownFileType = sourcecode.c.h; path = LJHttpConfig.h; sourceTree = "<group>"; };
		8BF5F0CC2339C08100996D1B /* LJHttpConfig.m */ = {isa = PBXFileReference; lastKnownFileType = sourcecode.c.objc; path = LJHttpConfig.m; sourceTree = "<group>"; };
		8BFA508223273D010014F6E0 /* LJDemoDebugController.h */ = {isa = PBXFileReference; lastKnownFileType = sourcecode.c.h; path = LJDemoDebugController.h; sourceTree = "<group>"; };
		8BFA508323273D010014F6E0 /* LJDemoDebugController.m */ = {isa = PBXFileReference; lastKnownFileType = sourcecode.c.objc; path = LJDemoDebugController.m; sourceTree = "<group>"; };
		8BFA509423274BB30014F6E0 /* LJDemoBaseController.h */ = {isa = PBXFileReference; lastKnownFileType = sourcecode.c.h; path = LJDemoBaseController.h; sourceTree = "<group>"; };
		8BFA509523274BB30014F6E0 /* LJDemoBaseController.m */ = {isa = PBXFileReference; lastKnownFileType = sourcecode.c.objc; path = LJDemoBaseController.m; sourceTree = "<group>"; };
		8BFA509723274D3D0014F6E0 /* LJDemoHttpManagerController.h */ = {isa = PBXFileReference; lastKnownFileType = sourcecode.c.h; path = LJDemoHttpManagerController.h; sourceTree = "<group>"; };
		8BFA509823274D3D0014F6E0 /* LJDemoHttpManagerController.m */ = {isa = PBXFileReference; lastKnownFileType = sourcecode.c.objc; path = LJDemoHttpManagerController.m; sourceTree = "<group>"; };
		8BFA50C72327881E0014F6E0 /* LJKit.h */ = {isa = PBXFileReference; fileEncoding = 4; lastKnownFileType = sourcecode.c.h; path = LJKit.h; sourceTree = "<group>"; };
		8BFA50CA2327881E0014F6E0 /* LJCategory.h */ = {isa = PBXFileReference; fileEncoding = 4; lastKnownFileType = sourcecode.c.h; path = LJCategory.h; sourceTree = "<group>"; };
		8BFA50CC2327881E0014F6E0 /* UIBarButtonItem+LJKit.m */ = {isa = PBXFileReference; fileEncoding = 4; lastKnownFileType = sourcecode.c.objc; path = "UIBarButtonItem+LJKit.m"; sourceTree = "<group>"; };
		8BFA50CD2327881E0014F6E0 /* UIView+LJKit.m */ = {isa = PBXFileReference; fileEncoding = 4; lastKnownFileType = sourcecode.c.objc; path = "UIView+LJKit.m"; sourceTree = "<group>"; };
		8BFA50CE2327881E0014F6E0 /* UIImage+LJKit.h */ = {isa = PBXFileReference; fileEncoding = 4; lastKnownFileType = sourcecode.c.h; path = "UIImage+LJKit.h"; sourceTree = "<group>"; };
		8BFA50CF2327881E0014F6E0 /* UIViewController+LJKit.h */ = {isa = PBXFileReference; fileEncoding = 4; lastKnownFileType = sourcecode.c.h; path = "UIViewController+LJKit.h"; sourceTree = "<group>"; };
		8BFA50D02327881E0014F6E0 /* UIView+LJKit.h */ = {isa = PBXFileReference; fileEncoding = 4; lastKnownFileType = sourcecode.c.h; path = "UIView+LJKit.h"; sourceTree = "<group>"; };
		8BFA50D12327881E0014F6E0 /* UIBarButtonItem+LJKit.h */ = {isa = PBXFileReference; fileEncoding = 4; lastKnownFileType = sourcecode.c.h; path = "UIBarButtonItem+LJKit.h"; sourceTree = "<group>"; };
		8BFA50D22327881E0014F6E0 /* UIViewController+LJKit.m */ = {isa = PBXFileReference; fileEncoding = 4; lastKnownFileType = sourcecode.c.objc; path = "UIViewController+LJKit.m"; sourceTree = "<group>"; };
		8BFA50D32327881E0014F6E0 /* UIImage+LJKit.m */ = {isa = PBXFileReference; fileEncoding = 4; lastKnownFileType = sourcecode.c.objc; path = "UIImage+LJKit.m"; sourceTree = "<group>"; };
		8BFA50D52327881E0014F6E0 /* NSString+LJKit.h */ = {isa = PBXFileReference; fileEncoding = 4; lastKnownFileType = sourcecode.c.h; path = "NSString+LJKit.h"; sourceTree = "<group>"; };
		8BFA50D62327881E0014F6E0 /* NSDate+LJKit.h */ = {isa = PBXFileReference; fileEncoding = 4; lastKnownFileType = sourcecode.c.h; path = "NSDate+LJKit.h"; sourceTree = "<group>"; };
		8BFA50D72327881E0014F6E0 /* NSString+LJKit.m */ = {isa = PBXFileReference; fileEncoding = 4; lastKnownFileType = sourcecode.c.objc; path = "NSString+LJKit.m"; sourceTree = "<group>"; };
		8BFA50D82327881E0014F6E0 /* NSDate+LJKit.m */ = {isa = PBXFileReference; fileEncoding = 4; lastKnownFileType = sourcecode.c.objc; path = "NSDate+LJKit.m"; sourceTree = "<group>"; };
		8BFA50DF2327881E0014F6E0 /* LJSandboxViewController.m */ = {isa = PBXFileReference; fileEncoding = 4; lastKnownFileType = sourcecode.c.objc; path = LJSandboxViewController.m; sourceTree = "<group>"; };
		8BFA50E02327881E0014F6E0 /* LJSandboxViewController.h */ = {isa = PBXFileReference; fileEncoding = 4; lastKnownFileType = sourcecode.c.h; path = LJSandboxViewController.h; sourceTree = "<group>"; };
		8BFA50E32327881E0014F6E0 /* .gitkeep */ = {isa = PBXFileReference; fileEncoding = 4; lastKnownFileType = text; path = .gitkeep; sourceTree = "<group>"; };
		8BFA50ED23278A090014F6E0 /* LJClassHomeController.h */ = {isa = PBXFileReference; lastKnownFileType = sourcecode.c.h; path = LJClassHomeController.h; sourceTree = "<group>"; };
		8BFA50EE23278A090014F6E0 /* LJClassHomeController.m */ = {isa = PBXFileReference; lastKnownFileType = sourcecode.c.objc; path = LJClassHomeController.m; sourceTree = "<group>"; };
		8BFA50F023278A380014F6E0 /* LJLocationManager.h */ = {isa = PBXFileReference; lastKnownFileType = sourcecode.c.h; path = LJLocationManager.h; sourceTree = "<group>"; };
		8BFA50F123278A380014F6E0 /* LJLocationManager.m */ = {isa = PBXFileReference; lastKnownFileType = sourcecode.c.objc; path = LJLocationManager.m; sourceTree = "<group>"; };
		8BFA50F523278A770014F6E0 /* LJAlertViewController.h */ = {isa = PBXFileReference; lastKnownFileType = sourcecode.c.h; path = LJAlertViewController.h; sourceTree = "<group>"; };
		8BFA50F623278A770014F6E0 /* LJAlertViewController.m */ = {isa = PBXFileReference; lastKnownFileType = sourcecode.c.objc; path = LJAlertViewController.m; sourceTree = "<group>"; };
		8BFA50FA23278B080014F6E0 /* LJThemeManager.h */ = {isa = PBXFileReference; lastKnownFileType = sourcecode.c.h; path = LJThemeManager.h; sourceTree = "<group>"; };
		8BFA50FB23278B080014F6E0 /* LJThemeManager.m */ = {isa = PBXFileReference; lastKnownFileType = sourcecode.c.objc; path = LJThemeManager.m; sourceTree = "<group>"; };
		8BFA510123278D7A0014F6E0 /* LJImagePickerManager.h */ = {isa = PBXFileReference; lastKnownFileType = sourcecode.c.h; path = LJImagePickerManager.h; sourceTree = "<group>"; };
		8BFA510223278D7A0014F6E0 /* LJImagePickerManager.m */ = {isa = PBXFileReference; lastKnownFileType = sourcecode.c.objc; path = LJImagePickerManager.m; sourceTree = "<group>"; };
		8BFA5106232795160014F6E0 /* UIAppDelegate.h */ = {isa = PBXFileReference; lastKnownFileType = sourcecode.c.h; path = UIAppDelegate.h; sourceTree = "<group>"; };
		8BFA5107232795160014F6E0 /* UIAppDelegate.m */ = {isa = PBXFileReference; lastKnownFileType = sourcecode.c.objc; path = UIAppDelegate.m; sourceTree = "<group>"; };
		8BFA510C2327A0A80014F6E0 /* LJHttpRequest.m */ = {isa = PBXFileReference; fileEncoding = 4; lastKnownFileType = sourcecode.c.objc; path = LJHttpRequest.m; sourceTree = "<group>"; };
		8BFA510E2327A0A80014F6E0 /* LJHttpRequest.h */ = {isa = PBXFileReference; fileEncoding = 4; lastKnownFileType = sourcecode.c.h; path = LJHttpRequest.h; sourceTree = "<group>"; };
		8BFA510F2327A0A80014F6E0 /* LJHttpManager.h */ = {isa = PBXFileReference; fileEncoding = 4; lastKnownFileType = sourcecode.c.h; path = LJHttpManager.h; sourceTree = "<group>"; };
		8BFA51102327A0A80014F6E0 /* LJHttpUploadModel.h */ = {isa = PBXFileReference; fileEncoding = 4; lastKnownFileType = sourcecode.c.h; path = LJHttpUploadModel.h; sourceTree = "<group>"; };
		8BFA51122327A0A80014F6E0 /* LJHttpManager.m */ = {isa = PBXFileReference; fileEncoding = 4; lastKnownFileType = sourcecode.c.objc; path = LJHttpManager.m; sourceTree = "<group>"; };
		8BFA51132327A0A80014F6E0 /* LJHttpUploadModel.m */ = {isa = PBXFileReference; fileEncoding = 4; lastKnownFileType = sourcecode.c.objc; path = LJHttpUploadModel.m; sourceTree = "<group>"; };
		8BFA511B23288BDA0014F6E0 /* LJSandboxHomeController.h */ = {isa = PBXFileReference; lastKnownFileType = sourcecode.c.h; path = LJSandboxHomeController.h; sourceTree = "<group>"; };
		8BFA511C23288BDA0014F6E0 /* LJSandboxHomeController.m */ = {isa = PBXFileReference; lastKnownFileType = sourcecode.c.objc; path = LJSandboxHomeController.m; sourceTree = "<group>"; };
		8BFA511E23288C940014F6E0 /* LJSandboxModel.h */ = {isa = PBXFileReference; lastKnownFileType = sourcecode.c.h; path = LJSandboxModel.h; sourceTree = "<group>"; };
		8BFA511F23288C940014F6E0 /* LJSandboxModel.m */ = {isa = PBXFileReference; lastKnownFileType = sourcecode.c.objc; path = LJSandboxModel.m; sourceTree = "<group>"; };
		8BFA512123288CC90014F6E0 /* LJSandboxViewCell.h */ = {isa = PBXFileReference; lastKnownFileType = sourcecode.c.h; path = LJSandboxViewCell.h; sourceTree = "<group>"; };
		8BFA512223288CC90014F6E0 /* LJSandboxViewCell.m */ = {isa = PBXFileReference; lastKnownFileType = sourcecode.c.objc; path = LJSandboxViewCell.m; sourceTree = "<group>"; };
		8BFA512423288CDC0014F6E0 /* LJLocalFilePreviewController.h */ = {isa = PBXFileReference; lastKnownFileType = sourcecode.c.h; path = LJLocalFilePreviewController.h; sourceTree = "<group>"; };
		8BFA512523288CDC0014F6E0 /* LJLocalFilePreviewController.m */ = {isa = PBXFileReference; lastKnownFileType = sourcecode.c.objc; path = LJLocalFilePreviewController.m; sourceTree = "<group>"; };
		8BFA512B2328BDB30014F6E0 /* LJHttpResponse.m */ = {isa = PBXFileReference; fileEncoding = 4; lastKnownFileType = sourcecode.c.objc; path = LJHttpResponse.m; sourceTree = "<group>"; };
		8BFA512F2328D5F40014F6E0 /* NSObject+LJKit.h */ = {isa = PBXFileReference; lastKnownFileType = sourcecode.c.h; path = "NSObject+LJKit.h"; sourceTree = "<group>"; };
		8BFA51302328D5F40014F6E0 /* NSObject+LJKit.m */ = {isa = PBXFileReference; lastKnownFileType = sourcecode.c.objc; path = "NSObject+LJKit.m"; sourceTree = "<group>"; };
		8BFA5133232A0BEA0014F6E0 /* LJClassViewController.h */ = {isa = PBXFileReference; lastKnownFileType = sourcecode.c.h; path = LJClassViewController.h; sourceTree = "<group>"; };
		8BFA5134232A0BEA0014F6E0 /* LJClassViewController.m */ = {isa = PBXFileReference; lastKnownFileType = sourcecode.c.objc; path = LJClassViewController.m; sourceTree = "<group>"; };
		8BFA5136232A11960014F6E0 /* LJClassDetailController.h */ = {isa = PBXFileReference; lastKnownFileType = sourcecode.c.h; path = LJClassDetailController.h; sourceTree = "<group>"; };
		8BFA5137232A11960014F6E0 /* LJClassDetailController.m */ = {isa = PBXFileReference; lastKnownFileType = sourcecode.c.objc; path = LJClassDetailController.m; sourceTree = "<group>"; };
		B45A2A1940A32C477FEE5A14 /* Pods-LJKit_Example.debug.xcconfig */ = {isa = PBXFileReference; includeInIndex = 1; lastKnownFileType = text.xcconfig; name = "Pods-LJKit_Example.debug.xcconfig"; path = "Pods/Target Support Files/Pods-LJKit_Example/Pods-LJKit_Example.debug.xcconfig"; sourceTree = "<group>"; };
		B5949097FA9A44F98FFAA9C2 /* LICENSE */ = {isa = PBXFileReference; includeInIndex = 1; lastKnownFileType = text; name = LICENSE; path = ../LICENSE; sourceTree = "<group>"; };
		D7D7E3229F3D3C8CDD3B8248 /* LJKit.podspec */ = {isa = PBXFileReference; includeInIndex = 1; lastKnownFileType = text; name = LJKit.podspec; path = ../LJKit.podspec; sourceTree = "<group>"; xcLanguageSpecificationIdentifier = xcode.lang.ruby; };
/* End PBXFileReference section */

/* Begin PBXFrameworksBuildPhase section */
		6003F587195388D20070C39A /* Frameworks */ = {
			isa = PBXFrameworksBuildPhase;
			buildActionMask = 2147483647;
			files = (
				6003F590195388D20070C39A /* CoreGraphics.framework in Frameworks */,
				6003F592195388D20070C39A /* UIKit.framework in Frameworks */,
				6003F58E195388D20070C39A /* Foundation.framework in Frameworks */,
				3BA27D8D4DEE33E55C8ED54D /* Pods_LJKit_Example.framework in Frameworks */,
			);
			runOnlyForDeploymentPostprocessing = 0;
		};
		6003F5AB195388D20070C39A /* Frameworks */ = {
			isa = PBXFrameworksBuildPhase;
			buildActionMask = 2147483647;
			files = (
				6003F5B0195388D20070C39A /* XCTest.framework in Frameworks */,
				6003F5B2195388D20070C39A /* UIKit.framework in Frameworks */,
				6003F5B1195388D20070C39A /* Foundation.framework in Frameworks */,
				D71509C90EC597059B2349C2 /* Pods_LJKit_Tests.framework in Frameworks */,
			);
			runOnlyForDeploymentPostprocessing = 0;
		};
/* End PBXFrameworksBuildPhase section */

/* Begin PBXGroup section */
		59028BCF57A9FF85A26472C0 /* Pods */ = {
			isa = PBXGroup;
			children = (
				B45A2A1940A32C477FEE5A14 /* Pods-LJKit_Example.debug.xcconfig */,
				64AB2533BEA4784402527DF4 /* Pods-LJKit_Example.release.xcconfig */,
				09DAA036854CFC2576EC95F3 /* Pods-LJKit_Tests.debug.xcconfig */,
				28816E2AB9BD366FF68BF935 /* Pods-LJKit_Tests.release.xcconfig */,
			);
			name = Pods;
			sourceTree = "<group>";
		};
		6003F581195388D10070C39A = {
			isa = PBXGroup;
			children = (
				8B4DBF14234C56960035C8C9 /* LJKit_Example.entitlements */,
				60FF7A9C1954A5C5007DD14C /* Podspec Metadata */,
				6003F593195388D20070C39A /* Example for LJKit */,
				6003F5B5195388D20070C39A /* Tests */,
				6003F58C195388D20070C39A /* Frameworks */,
				6003F58B195388D20070C39A /* Products */,
				59028BCF57A9FF85A26472C0 /* Pods */,
			);
			sourceTree = "<group>";
		};
		6003F58B195388D20070C39A /* Products */ = {
			isa = PBXGroup;
			children = (
				6003F58A195388D20070C39A /* LJKit_Example.app */,
				6003F5AE195388D20070C39A /* LJKit_Tests.xctest */,
			);
			name = Products;
			sourceTree = "<group>";
		};
		6003F58C195388D20070C39A /* Frameworks */ = {
			isa = PBXGroup;
			children = (
				6003F58D195388D20070C39A /* Foundation.framework */,
				6003F58F195388D20070C39A /* CoreGraphics.framework */,
				6003F591195388D20070C39A /* UIKit.framework */,
				6003F5AF195388D20070C39A /* XCTest.framework */,
				076F3A62BA98F9D2EFE8EE9B /* Pods_LJKit_Example.framework */,
				23B0BD7AC5448F5558A57E46 /* Pods_LJKit_Tests.framework */,
			);
			name = Frameworks;
			sourceTree = "<group>";
		};
		6003F593195388D20070C39A /* Example for LJKit */ = {
			isa = PBXGroup;
			children = (
				8B2C826222DD66160026EBF7 /* Modules */,
				8B2C826322DD66200026EBF7 /* AppDelegate */,
				6003F594195388D20070C39A /* Supporting Files */,
			);
			name = "Example for LJKit";
			path = LJKit;
			sourceTree = "<group>";
		};
		6003F594195388D20070C39A /* Supporting Files */ = {
			isa = PBXGroup;
			children = (
				71719F9D1E33DC2100824A3D /* LaunchScreen.storyboard */,
				6003F5A8195388D20070C39A /* Images.xcassets */,
				6003F595195388D20070C39A /* LJKit-Info.plist */,
				6003F596195388D20070C39A /* InfoPlist.strings */,
				6003F599195388D20070C39A /* main.m */,
				6003F59B195388D20070C39A /* LJKit-Prefix.pch */,
			);
			name = "Supporting Files";
			sourceTree = "<group>";
		};
		6003F5B5195388D20070C39A /* Tests */ = {
			isa = PBXGroup;
			children = (
				6003F5BB195388D20070C39A /* Tests.m */,
				6003F5B6195388D20070C39A /* Supporting Files */,
			);
			path = Tests;
			sourceTree = "<group>";
		};
		6003F5B6195388D20070C39A /* Supporting Files */ = {
			isa = PBXGroup;
			children = (
				6003F5B7195388D20070C39A /* Tests-Info.plist */,
				6003F5B8195388D20070C39A /* InfoPlist.strings */,
				606FC2411953D9B200FFA9A0 /* Tests-Prefix.pch */,
			);
			name = "Supporting Files";
			sourceTree = "<group>";
		};
		60FF7A9C1954A5C5007DD14C /* Podspec Metadata */ = {
			isa = PBXGroup;
			children = (
				D7D7E3229F3D3C8CDD3B8248 /* LJKit.podspec */,
				440B178DD5FCAC85F94D01AE /* README.md */,
				B5949097FA9A44F98FFAA9C2 /* LICENSE */,
			);
			name = "Podspec Metadata";
			sourceTree = "<group>";
		};
		8B05D9C4232F63B2007A72BF /* LJFileManager */ = {
			isa = PBXGroup;
			children = (
				8B05D9C5232F63CF007A72BF /* LJFileManager.h */,
				8B05D9C6232F63CF007A72BF /* LJFileManager.m */,
			);
			path = LJFileManager;
			sourceTree = "<group>";
		};
		8B05D9CB232F9167007A72BF /* DebugLog */ = {
			isa = PBXGroup;
			children = (
				8B05D9CC232F91A6007A72BF /* LJDebugLogManager.h */,
				8B05D9CD232F91A6007A72BF /* LJDebugLogManager.m */,
				8BDD99DA2330751400504CDB /* LJDebugLogView.h */,
				8BDD99DB2330751400504CDB /* LJDebugLogView.m */,
			);
			path = DebugLog;
			sourceTree = "<group>";
		};
		8B23F10D233CC10000DDE494 /* CustomUI */ = {
			isa = PBXGroup;
			children = (
				8BA6B231233B0E27001D5ACB /* LJDemoCustomUIController.h */,
				8BA6B232233B0E27001D5ACB /* LJDemoCustomUIController.m */,
				8BA6B234233B0F24001D5ACB /* LJDemoCustomUIScrollViewController.h */,
				8BA6B235233B0F24001D5ACB /* LJDemoCustomUIScrollViewController.m */,
			);
			path = CustomUI;
			sourceTree = "<group>";
		};
		8B2C826222DD66160026EBF7 /* Modules */ = {
			isa = PBXGroup;
			children = (
				8BFA50C52327881E0014F6E0 /* LJKit */,
				8BFA508123273CBB0014F6E0 /* DemoVC */,
			);
			path = Modules;
			sourceTree = "<group>";
		};
		8B2C826322DD66200026EBF7 /* AppDelegate */ = {
			isa = PBXGroup;
			children = (
				8BFA5106232795160014F6E0 /* UIAppDelegate.h */,
				8BFA5107232795160014F6E0 /* UIAppDelegate.m */,
			);
			path = AppDelegate;
			sourceTree = "<group>";
		};
		8B2CA655234F1503000F6C78 /* Model */ = {
			isa = PBXGroup;
			children = (
				8B2CA656234F1524000F6C78 /* LJGoodsModel.h */,
				8B2CA657234F1524000F6C78 /* LJGoodsModel.m */,
				8B2CA659234F1536000F6C78 /* LJGoodsSpecsModel.h */,
				8B2CA65A234F1536000F6C78 /* LJGoodsSpecsModel.m */,
				8B2CA65F234F15F5000F6C78 /* LJGoodsSpecsItemModel.h */,
				8B2CA660234F15F5000F6C78 /* LJGoodsSpecsItemModel.m */,
				8B2CA65C234F1545000F6C78 /* LJGoodsOptionModel.h */,
				8B2CA65D234F1545000F6C78 /* LJGoodsOptionModel.m */,
				8B2CA662234F23B3000F6C78 /* LJGoodsOptionSelectedModel.h */,
				8B2CA663234F23B3000F6C78 /* LJGoodsOptionSelectedModel.m */,
			);
			path = Model;
			sourceTree = "<group>";
		};
		8B3BA73C234D817800146286 /* LJDatePickerView */ = {
			isa = PBXGroup;
			children = (
				8B3BA73E234D818D00146286 /* LJDatePickerView.h */,
				8B3BA73D234D818D00146286 /* LJDatePickerView.m */,
			);
			path = LJDatePickerView;
			sourceTree = "<group>";
		};
		8B3BA740234D8ACF00146286 /* LJSliderVerifyView */ = {
			isa = PBXGroup;
			children = (
				8B3BA741234D8AFC00146286 /* LJSliderVerifyView.h */,
				8B3BA742234D8AFC00146286 /* LJSliderVerifyView.m */,
				8B3BA744234DA63B00146286 /* LJSliderVerifyImageView.h */,
				8B3BA745234DA63B00146286 /* LJSliderVerifyImageView.m */,
				8B3BA747234DA64800146286 /* LJSliderVerifySliderView.h */,
				8B3BA748234DA64800146286 /* LJSliderVerifySliderView.m */,
			);
			path = LJSliderVerifyView;
			sourceTree = "<group>";
		};
		8B3BA74A234DB79000146286 /* LJGoodsSpecsView */ = {
			isa = PBXGroup;
			children = (
				8B2CA655234F1503000F6C78 /* Model */,
				8B3BA764234DE45100146286 /* LJGoodsSpecsCollectionView */,
				8B3BA757234DBE3D00146286 /* SKUDataFilter */,
				8B3BA75B234DC0D300146286 /* LJGoodsSpecsView.h */,
				8B3BA75C234DC0D300146286 /* LJGoodsSpecsView.m */,
				8B3BA75E234DC10100146286 /* LJGoodsSpecsHeadView.h */,
				8B3BA75F234DC10100146286 /* LJGoodsSpecsHeadView.m */,
				8B3BA761234DC12600146286 /* LJGoodsSpecsCountView.h */,
				8B3BA762234DC12600146286 /* LJGoodsSpecsCountView.m */,
			);
			path = LJGoodsSpecsView;
			sourceTree = "<group>";
		};
		8B3BA757234DBE3D00146286 /* SKUDataFilter */ = {
			isa = PBXGroup;
			children = (
				8B3BA759234DBE3D00146286 /* ORSKUDataFilter.h */,
				8B3BA758234DBE3D00146286 /* ORSKUDataFilter.m */,
			);
			path = SKUDataFilter;
			sourceTree = "<group>";
		};
		8B3BA764234DE45100146286 /* LJGoodsSpecsCollectionView */ = {
			isa = PBXGroup;
			children = (
				8B3BA765234DE48300146286 /* LJGoodsSpecsCollectionView.h */,
				8B3BA766234DE48300146286 /* LJGoodsSpecsCollectionView.m */,
				8B3BA768234DE49200146286 /* LJGoodsSpecsCollectionViewCell.h */,
				8B3BA769234DE49200146286 /* LJGoodsSpecsCollectionViewCell.m */,
			);
			path = LJGoodsSpecsCollectionView;
			sourceTree = "<group>";
		};
		8BD142722334C8F700201B60 /* LJAuthorityManager */ = {
			isa = PBXGroup;
			children = (
				8BD142732334C94F00201B60 /* LJAuthorityManager.h */,
				8BD142742334C94F00201B60 /* LJAuthorityManager.m */,
			);
			path = LJAuthorityManager;
			sourceTree = "<group>";
		};
		8BDC2C072341C924000C04DF /* LJWebViewController */ = {
			isa = PBXGroup;
			children = (
				8BDC2C082341C982000C04DF /* LJWebViewController.h */,
				8BDC2C092341C982000C04DF /* LJWebViewController.m */,
			);
			path = LJWebViewController;
			sourceTree = "<group>";
		};
		8BDC2C0B2341C999000C04DF /* LJToast */ = {
			isa = PBXGroup;
			children = (
				8BDC2C0F2341C9CF000C04DF /* LJToast.h */,
				8BDC2C102341C9CF000C04DF /* LJToast.m */,
			);
			path = LJToast;
			sourceTree = "<group>";
		};
		8BDC2C122341DEA0000C04DF /* CustomAlertView */ = {
			isa = PBXGroup;
			children = (
				8B3BA74A234DB79000146286 /* LJGoodsSpecsView */,
				8B3BA740234D8ACF00146286 /* LJSliderVerifyView */,
				8B3BA73C234D817800146286 /* LJDatePickerView */,
				8BDC2C142341DEDA000C04DF /* LJAlertCheckPwdView */,
			);
			path = CustomAlertView;
			sourceTree = "<group>";
		};
		8BDC2C132341DEBF000C04DF /* CustomAlertController */ = {
			isa = PBXGroup;
			children = (
			);
			path = CustomAlertController;
			sourceTree = "<group>";
		};
		8BDC2C142341DEDA000C04DF /* LJAlertCheckPwdView */ = {
			isa = PBXGroup;
			children = (
				8BDC2C152341DF0A000C04DF /* LJAlertCheckPwdView.h */,
				8BDC2C162341DF0A000C04DF /* LJAlertCheckPwdView.m */,
				8BDC2C182341DFA7000C04DF /* LJBoxTextFieldView.h */,
				8BDC2C192341DFA7000C04DF /* LJBoxTextFieldView.m */,
				8BDC2C1B2341DFBF000C04DF /* LJBoxTextFieldViewCell.h */,
				8BDC2C1C2341DFBF000C04DF /* LJBoxTextFieldViewCell.m */,
			);
			path = LJAlertCheckPwdView;
			sourceTree = "<group>";
		};
		8BDD99E02330ADAC00504CDB /* LJExceptionManager */ = {
			isa = PBXGroup;
			children = (
				8BDD99E12330ADCE00504CDB /* LJExceptionManager.h */,
				8BDD99E22330ADCE00504CDB /* LJExceptionManager.m */,
				8BDD99E72330CE5800504CDB /* LJCrashAlertView.h */,
				8BDD99E82330CE5800504CDB /* LJCrashAlertView.m */,
			);
			path = LJExceptionManager;
			sourceTree = "<group>";
		};
		8BF4DE36234074DB00B80CB2 /* Animation */ = {
			isa = PBXGroup;
			children = (
				8BF4DE3A2340754C00B80CB2 /* Animation */,
				8BF4DE372340750400B80CB2 /* LJDemoAnimationController.h */,
				8BF4DE382340750400B80CB2 /* LJDemoAnimationController.m */,
			);
			path = Animation;
			sourceTree = "<group>";
		};
		8BF4DE3A2340754C00B80CB2 /* Animation */ = {
			isa = PBXGroup;
			children = (
				8B2B49D72340AFDF0072822F /* CustomView.h */,
				8B2B49D42340AFDE0072822F /* CustomView.m */,
				8B2B49D52340AFDE0072822F /* QCMethod.h */,
				8B2B49D62340AFDE0072822F /* QCMethod.m */,
				8BF4DE3E2340782E00B80CB2 /* LJAnimationView.h */,
				8BF4DE3F2340782E00B80CB2 /* LJAnimationView.m */,
			);
			path = Animation;
			sourceTree = "<group>";
		};
		8BFA508123273CBB0014F6E0 /* DemoVC */ = {
			isa = PBXGroup;
			children = (
				8BF4DE36234074DB00B80CB2 /* Animation */,
				8B23F10D233CC10000DDE494 /* CustomUI */,
				8BFA509423274BB30014F6E0 /* LJDemoBaseController.h */,
				8BFA509523274BB30014F6E0 /* LJDemoBaseController.m */,
				8B2C828522DD6B750026EBF7 /* LJDemoHomeViewController.h */,
				8B2C828622DD6B750026EBF7 /* LJDemoHomeViewController.m */,
				8BFA509723274D3D0014F6E0 /* LJDemoHttpManagerController.h */,
				8BFA509823274D3D0014F6E0 /* LJDemoHttpManagerController.m */,
				8BFA508223273D010014F6E0 /* LJDemoDebugController.h */,
				8BFA508323273D010014F6E0 /* LJDemoDebugController.m */,
				8B05D9C8232F6557007A72BF /* LJDemoFileManagerController.h */,
				8B05D9C9232F6557007A72BF /* LJDemoFileManagerController.m */,
				8BE1E79023338526009FB19D /* LJDemoImagePickerController.h */,
				8BE1E79123338526009FB19D /* LJDemoImagePickerController.m */,
				8BCBD2CB2339ECCB0066460D /* LJDemoLocationController.h */,
				8BCBD2CC2339ECCB0066460D /* LJDemoLocationController.m */,
				8BA6B23A233B6083001D5ACB /* LJDemoToastViewController.h */,
				8BA6B23B233B6083001D5ACB /* LJDemoToastViewController.m */,
				8B52F7FB233DA79000D98CFC /* LJDemoAlertViewController.h */,
				8B52F7FC233DA79000D98CFC /* LJDemoAlertViewController.m */,
			);
			path = DemoVC;
			sourceTree = "<group>";
		};
		8BFA50C52327881E0014F6E0 /* LJKit */ = {
			isa = PBXGroup;
			children = (
				8BFA50C62327881E0014F6E0 /* Classes */,
				8BFA50E22327881E0014F6E0 /* Assets */,
			);
			name = LJKit;
			path = LJKit/LJKit;
			sourceTree = SOURCE_ROOT;
		};
		8BFA50C62327881E0014F6E0 /* Classes */ = {
			isa = PBXGroup;
			children = (
				8BFA50C72327881E0014F6E0 /* LJKit.h */,
				8BFA50C82327881E0014F6E0 /* CustomUI */,
				8BFA50C92327881E0014F6E0 /* Category */,
				8BFA50DA2327881E0014F6E0 /* Utils */,
				8BFA50DC2327881E0014F6E0 /* Debug */,
			);
			path = Classes;
			sourceTree = "<group>";
		};
		8BFA50C82327881E0014F6E0 /* CustomUI */ = {
			isa = PBXGroup;
			children = (
			);
			path = CustomUI;
			sourceTree = "<group>";
		};
		8BFA50C92327881E0014F6E0 /* Category */ = {
			isa = PBXGroup;
			children = (
				8BFA50CA2327881E0014F6E0 /* LJCategory.h */,
				8BFA50CB2327881E0014F6E0 /* UIKit */,
				8BFA50D42327881E0014F6E0 /* Foundation */,
			);
			path = Category;
			sourceTree = "<group>";
		};
		8BFA50CB2327881E0014F6E0 /* UIKit */ = {
			isa = PBXGroup;
			children = (
				8BFA50D02327881E0014F6E0 /* UIView+LJKit.h */,
				8BFA50CD2327881E0014F6E0 /* UIView+LJKit.m */,
				8BFA50CE2327881E0014F6E0 /* UIImage+LJKit.h */,
				8BFA50D32327881E0014F6E0 /* UIImage+LJKit.m */,
				8BFA50D12327881E0014F6E0 /* UIBarButtonItem+LJKit.h */,
				8BFA50CC2327881E0014F6E0 /* UIBarButtonItem+LJKit.m */,
				8BFA50CF2327881E0014F6E0 /* UIViewController+LJKit.h */,
				8BFA50D22327881E0014F6E0 /* UIViewController+LJKit.m */,
				8BDD99DD2330A6E000504CDB /* UIAppDelegate+LJKit.h */,
				8BDD99DE2330A6E000504CDB /* UIAppDelegate+LJKit.m */,
				8BA6B22E233B02A6001D5ACB /* UIScrollView+LJKit.h */,
				8BA6B22F233B02A6001D5ACB /* UIScrollView+LJKit.m */,
			);
			path = UIKit;
			sourceTree = "<group>";
		};
		8BFA50D42327881E0014F6E0 /* Foundation */ = {
			isa = PBXGroup;
			children = (
				8BFA50D52327881E0014F6E0 /* NSString+LJKit.h */,
				8BFA50D62327881E0014F6E0 /* NSDate+LJKit.h */,
				8BFA50D72327881E0014F6E0 /* NSString+LJKit.m */,
				8BFA50D82327881E0014F6E0 /* NSDate+LJKit.m */,
				8BFA512F2328D5F40014F6E0 /* NSObject+LJKit.h */,
				8BFA51302328D5F40014F6E0 /* NSObject+LJKit.m */,
				8BDD99E42330BAF300504CDB /* NSFileManager+LJKit.h */,
				8BDD99E52330BAF300504CDB /* NSFileManager+LJKit.m */,
			);
			path = Foundation;
			sourceTree = "<group>";
		};
		8BFA50DA2327881E0014F6E0 /* Utils */ = {
			isa = PBXGroup;
			children = (
				8BDC2C0B2341C999000C04DF /* LJToast */,
				8BDC2C072341C924000C04DF /* LJWebViewController */,
				8BD142722334C8F700201B60 /* LJAuthorityManager */,
				8BDD99E02330ADAC00504CDB /* LJExceptionManager */,
				8B05D9C4232F63B2007A72BF /* LJFileManager */,
				8BFA510023278D600014F6E0 /* LJImagePickerManager */,
				8BFA50F923278AEC0014F6E0 /* LJThemeManager */,
				8BFA50F423278A560014F6E0 /* LJAlertViewController */,
				8BFA50F323278A3C0014F6E0 /* LJLocationManager */,
				8BFA50DB2327881E0014F6E0 /* LJHttpManager */,
			);
			path = Utils;
			sourceTree = "<group>";
		};
		8BFA50DB2327881E0014F6E0 /* LJHttpManager */ = {
			isa = PBXGroup;
			children = (
				8BD3F9EE2331CFCD0062EA29 /* LJHttpResponse.h */,
				8BFA512B2328BDB30014F6E0 /* LJHttpResponse.m */,
				8BFA510F2327A0A80014F6E0 /* LJHttpManager.h */,
				8BFA51122327A0A80014F6E0 /* LJHttpManager.m */,
				8BFA510E2327A0A80014F6E0 /* LJHttpRequest.h */,
				8BFA510C2327A0A80014F6E0 /* LJHttpRequest.m */,
				8BFA51102327A0A80014F6E0 /* LJHttpUploadModel.h */,
				8BFA51132327A0A80014F6E0 /* LJHttpUploadModel.m */,
				8BF5F0CB2339C08100996D1B /* LJHttpConfig.h */,
				8BF5F0CC2339C08100996D1B /* LJHttpConfig.m */,
			);
			path = LJHttpManager;
			sourceTree = "<group>";
		};
		8BFA50DC2327881E0014F6E0 /* Debug */ = {
			isa = PBXGroup;
			children = (
				8B05D9CB232F9167007A72BF /* DebugLog */,
				8BFA50DD2327881E0014F6E0 /* Interface */,
				8BFA50DE2327881E0014F6E0 /* Sandbox */,
				8BFA50E12327881E0014F6E0 /* ClassView */,
			);
			path = Debug;
			sourceTree = "<group>";
		};
		8BFA50DD2327881E0014F6E0 /* Interface */ = {
			isa = PBXGroup;
			children = (
			);
			path = Interface;
			sourceTree = "<group>";
		};
		8BFA50DE2327881E0014F6E0 /* Sandbox */ = {
			isa = PBXGroup;
			children = (
				8BFA50E02327881E0014F6E0 /* LJSandboxViewController.h */,
				8BFA50DF2327881E0014F6E0 /* LJSandboxViewController.m */,
				8BFA511B23288BDA0014F6E0 /* LJSandboxHomeController.h */,
				8BFA511C23288BDA0014F6E0 /* LJSandboxHomeController.m */,
				8BFA511E23288C940014F6E0 /* LJSandboxModel.h */,
				8BFA511F23288C940014F6E0 /* LJSandboxModel.m */,
				8BFA512123288CC90014F6E0 /* LJSandboxViewCell.h */,
				8BFA512223288CC90014F6E0 /* LJSandboxViewCell.m */,
				8BFA512423288CDC0014F6E0 /* LJLocalFilePreviewController.h */,
				8BFA512523288CDC0014F6E0 /* LJLocalFilePreviewController.m */,
			);
			path = Sandbox;
			sourceTree = "<group>";
		};
		8BFA50E12327881E0014F6E0 /* ClassView */ = {
			isa = PBXGroup;
			children = (
				8BFA50ED23278A090014F6E0 /* LJClassHomeController.h */,
				8BFA50EE23278A090014F6E0 /* LJClassHomeController.m */,
				8BFA5133232A0BEA0014F6E0 /* LJClassViewController.h */,
				8BFA5134232A0BEA0014F6E0 /* LJClassViewController.m */,
				8BFA5136232A11960014F6E0 /* LJClassDetailController.h */,
				8BFA5137232A11960014F6E0 /* LJClassDetailController.m */,
			);
			path = ClassView;
			sourceTree = "<group>";
		};
		8BFA50E22327881E0014F6E0 /* Assets */ = {
			isa = PBXGroup;
			children = (
				8BFA50E32327881E0014F6E0 /* .gitkeep */,
			);
			path = Assets;
			sourceTree = "<group>";
		};
		8BFA50F323278A3C0014F6E0 /* LJLocationManager */ = {
			isa = PBXGroup;
			children = (
				8BFA50F023278A380014F6E0 /* LJLocationManager.h */,
				8BFA50F123278A380014F6E0 /* LJLocationManager.m */,
			);
			path = LJLocationManager;
			sourceTree = "<group>";
		};
		8BFA50F423278A560014F6E0 /* LJAlertViewController */ = {
			isa = PBXGroup;
			children = (
				8BDC2C132341DEBF000C04DF /* CustomAlertController */,
				8BDC2C122341DEA0000C04DF /* CustomAlertView */,
				8BFA50F523278A770014F6E0 /* LJAlertViewController.h */,
				8BFA50F623278A770014F6E0 /* LJAlertViewController.m */,
				8BDC2C032341A1B7000C04DF /* LJAlertContainerView.h */,
				8BDC2C042341A1B7000C04DF /* LJAlertContainerView.m */,
			);
			path = LJAlertViewController;
			sourceTree = "<group>";
		};
		8BFA50F923278AEC0014F6E0 /* LJThemeManager */ = {
			isa = PBXGroup;
			children = (
				8BFA50FA23278B080014F6E0 /* LJThemeManager.h */,
				8BFA50FB23278B080014F6E0 /* LJThemeManager.m */,
			);
			path = LJThemeManager;
			sourceTree = "<group>";
		};
		8BFA510023278D600014F6E0 /* LJImagePickerManager */ = {
			isa = PBXGroup;
			children = (
				8BFA510123278D7A0014F6E0 /* LJImagePickerManager.h */,
				8BFA510223278D7A0014F6E0 /* LJImagePickerManager.m */,
			);
			path = LJImagePickerManager;
			sourceTree = "<group>";
		};
/* End PBXGroup section */

/* Begin PBXNativeTarget section */
		6003F589195388D20070C39A /* LJKit_Example */ = {
			isa = PBXNativeTarget;
			buildConfigurationList = 6003F5BF195388D20070C39A /* Build configuration list for PBXNativeTarget "LJKit_Example" */;
			buildPhases = (
				FFE57CD09981BEE0FA0A9EAE /* [CP] Check Pods Manifest.lock */,
				6003F586195388D20070C39A /* Sources */,
				6003F587195388D20070C39A /* Frameworks */,
				6003F588195388D20070C39A /* Resources */,
				19E9661FD2038B52D12E07AC /* [CP] Embed Pods Frameworks */,
			);
			buildRules = (
			);
			dependencies = (
			);
			name = LJKit_Example;
			productName = LJKit;
			productReference = 6003F58A195388D20070C39A /* LJKit_Example.app */;
			productType = "com.apple.product-type.application";
		};
		6003F5AD195388D20070C39A /* LJKit_Tests */ = {
			isa = PBXNativeTarget;
			buildConfigurationList = 6003F5C2195388D20070C39A /* Build configuration list for PBXNativeTarget "LJKit_Tests" */;
			buildPhases = (
				1149B08BF67C84DBDB7491D7 /* [CP] Check Pods Manifest.lock */,
				6003F5AA195388D20070C39A /* Sources */,
				6003F5AB195388D20070C39A /* Frameworks */,
				6003F5AC195388D20070C39A /* Resources */,
			);
			buildRules = (
			);
			dependencies = (
				6003F5B4195388D20070C39A /* PBXTargetDependency */,
			);
			name = LJKit_Tests;
			productName = LJKitTests;
			productReference = 6003F5AE195388D20070C39A /* LJKit_Tests.xctest */;
			productType = "com.apple.product-type.bundle.unit-test";
		};
/* End PBXNativeTarget section */

/* Begin PBXProject section */
		6003F582195388D10070C39A /* Project object */ = {
			isa = PBXProject;
			attributes = {
				CLASSPREFIX = LJ;
				LastUpgradeCheck = 1020;
				ORGANIZATIONNAME = liujing;
				TargetAttributes = {
					6003F589195388D20070C39A = {
						DevelopmentTeam = 3SLHUVQHML;
						LastSwiftMigration = 1020;
					};
					6003F5AD195388D20070C39A = {
						TestTargetID = 6003F589195388D20070C39A;
					};
				};
			};
			buildConfigurationList = 6003F585195388D10070C39A /* Build configuration list for PBXProject "LJKit" */;
			compatibilityVersion = "Xcode 3.2";
			developmentRegion = en;
			hasScannedForEncodings = 0;
			knownRegions = (
				en,
				Base,
				"zh-Hans",
			);
			mainGroup = 6003F581195388D10070C39A;
			productRefGroup = 6003F58B195388D20070C39A /* Products */;
			projectDirPath = "";
			projectRoot = "";
			targets = (
				6003F589195388D20070C39A /* LJKit_Example */,
				6003F5AD195388D20070C39A /* LJKit_Tests */,
			);
		};
/* End PBXProject section */

/* Begin PBXResourcesBuildPhase section */
		6003F588195388D20070C39A /* Resources */ = {
			isa = PBXResourcesBuildPhase;
			buildActionMask = 2147483647;
			files = (
				71719F9F1E33DC2100824A3D /* LaunchScreen.storyboard in Resources */,
				6003F5A9195388D20070C39A /* Images.xcassets in Resources */,
				8BFA50EC2327881E0014F6E0 /* .gitkeep in Resources */,
				6003F598195388D20070C39A /* InfoPlist.strings in Resources */,
			);
			runOnlyForDeploymentPostprocessing = 0;
		};
		6003F5AC195388D20070C39A /* Resources */ = {
			isa = PBXResourcesBuildPhase;
			buildActionMask = 2147483647;
			files = (
				6003F5BA195388D20070C39A /* InfoPlist.strings in Resources */,
			);
			runOnlyForDeploymentPostprocessing = 0;
		};
/* End PBXResourcesBuildPhase section */

/* Begin PBXShellScriptBuildPhase section */
		1149B08BF67C84DBDB7491D7 /* [CP] Check Pods Manifest.lock */ = {
			isa = PBXShellScriptBuildPhase;
			buildActionMask = 2147483647;
			files = (
			);
			inputPaths = (
				"${PODS_PODFILE_DIR_PATH}/Podfile.lock",
				"${PODS_ROOT}/Manifest.lock",
			);
			name = "[CP] Check Pods Manifest.lock";
			outputPaths = (
				"$(DERIVED_FILE_DIR)/Pods-LJKit_Tests-checkManifestLockResult.txt",
			);
			runOnlyForDeploymentPostprocessing = 0;
			shellPath = /bin/sh;
			shellScript = "diff \"${PODS_PODFILE_DIR_PATH}/Podfile.lock\" \"${PODS_ROOT}/Manifest.lock\" > /dev/null\nif [ $? != 0 ] ; then\n    # print error to STDERR\n    echo \"error: The sandbox is not in sync with the Podfile.lock. Run 'pod install' or update your CocoaPods installation.\" >&2\n    exit 1\nfi\n# This output is used by Xcode 'outputs' to avoid re-running this script phase.\necho \"SUCCESS\" > \"${SCRIPT_OUTPUT_FILE_0}\"\n";
			showEnvVarsInLog = 0;
		};
		19E9661FD2038B52D12E07AC /* [CP] Embed Pods Frameworks */ = {
			isa = PBXShellScriptBuildPhase;
			buildActionMask = 2147483647;
			files = (
			);
			inputPaths = (
				"${PODS_ROOT}/Target Support Files/Pods-LJKit_Example/Pods-LJKit_Example-frameworks.sh",
				"${BUILT_PRODUCTS_DIR}/AFNetworking/AFNetworking.framework",
				"${BUILT_PRODUCTS_DIR}/DZNEmptyDataSet/DZNEmptyDataSet.framework",
				"${BUILT_PRODUCTS_DIR}/IQKeyboardManager/IQKeyboardManager.framework",
				"${BUILT_PRODUCTS_DIR}/MBProgressHUD/MBProgressHUD.framework",
				"${BUILT_PRODUCTS_DIR}/MJExtension/MJExtension.framework",
				"${BUILT_PRODUCTS_DIR}/MJRefresh/MJRefresh.framework",
				"${BUILT_PRODUCTS_DIR}/Masonry/Masonry.framework",
				"${BUILT_PRODUCTS_DIR}/SDCycleScrollView/SDCycleScrollView.framework",
				"${BUILT_PRODUCTS_DIR}/SDWebImage/SDWebImage.framework",
				"${BUILT_PRODUCTS_DIR}/TZImagePickerController/TZImagePickerController.framework",
				"${BUILT_PRODUCTS_DIR}/YYModel/YYModel.framework",
			);
			name = "[CP] Embed Pods Frameworks";
			outputPaths = (
				"${TARGET_BUILD_DIR}/${FRAMEWORKS_FOLDER_PATH}/AFNetworking.framework",
				"${TARGET_BUILD_DIR}/${FRAMEWORKS_FOLDER_PATH}/DZNEmptyDataSet.framework",
				"${TARGET_BUILD_DIR}/${FRAMEWORKS_FOLDER_PATH}/IQKeyboardManager.framework",
				"${TARGET_BUILD_DIR}/${FRAMEWORKS_FOLDER_PATH}/MBProgressHUD.framework",
				"${TARGET_BUILD_DIR}/${FRAMEWORKS_FOLDER_PATH}/MJExtension.framework",
				"${TARGET_BUILD_DIR}/${FRAMEWORKS_FOLDER_PATH}/MJRefresh.framework",
				"${TARGET_BUILD_DIR}/${FRAMEWORKS_FOLDER_PATH}/Masonry.framework",
				"${TARGET_BUILD_DIR}/${FRAMEWORKS_FOLDER_PATH}/SDCycleScrollView.framework",
				"${TARGET_BUILD_DIR}/${FRAMEWORKS_FOLDER_PATH}/SDWebImage.framework",
				"${TARGET_BUILD_DIR}/${FRAMEWORKS_FOLDER_PATH}/TZImagePickerController.framework",
				"${TARGET_BUILD_DIR}/${FRAMEWORKS_FOLDER_PATH}/YYModel.framework",
			);
			runOnlyForDeploymentPostprocessing = 0;
			shellPath = /bin/sh;
			shellScript = "\"${PODS_ROOT}/Target Support Files/Pods-LJKit_Example/Pods-LJKit_Example-frameworks.sh\"\n";
			showEnvVarsInLog = 0;
		};
		FFE57CD09981BEE0FA0A9EAE /* [CP] Check Pods Manifest.lock */ = {
			isa = PBXShellScriptBuildPhase;
			buildActionMask = 2147483647;
			files = (
			);
			inputPaths = (
				"${PODS_PODFILE_DIR_PATH}/Podfile.lock",
				"${PODS_ROOT}/Manifest.lock",
			);
			name = "[CP] Check Pods Manifest.lock";
			outputPaths = (
				"$(DERIVED_FILE_DIR)/Pods-LJKit_Example-checkManifestLockResult.txt",
			);
			runOnlyForDeploymentPostprocessing = 0;
			shellPath = /bin/sh;
			shellScript = "diff \"${PODS_PODFILE_DIR_PATH}/Podfile.lock\" \"${PODS_ROOT}/Manifest.lock\" > /dev/null\nif [ $? != 0 ] ; then\n    # print error to STDERR\n    echo \"error: The sandbox is not in sync with the Podfile.lock. Run 'pod install' or update your CocoaPods installation.\" >&2\n    exit 1\nfi\n# This output is used by Xcode 'outputs' to avoid re-running this script phase.\necho \"SUCCESS\" > \"${SCRIPT_OUTPUT_FILE_0}\"\n";
			showEnvVarsInLog = 0;
		};
/* End PBXShellScriptBuildPhase section */

/* Begin PBXSourcesBuildPhase section */
		6003F586195388D20070C39A /* Sources */ = {
			isa = PBXSourcesBuildPhase;
			buildActionMask = 2147483647;
			files = (
				8B2CA661234F15F5000F6C78 /* LJGoodsSpecsItemModel.m in Sources */,
				8BDD99E32330ADCE00504CDB /* LJExceptionManager.m in Sources */,
				8BFA512623288CDC0014F6E0 /* LJLocalFilePreviewController.m in Sources */,
				8BFA50E42327881E0014F6E0 /* UIBarButtonItem+LJKit.m in Sources */,
				8B2CA65E234F1545000F6C78 /* LJGoodsOptionModel.m in Sources */,
				8BFA50E82327881E0014F6E0 /* NSString+LJKit.m in Sources */,
				8BA6B230233B02A6001D5ACB /* UIScrollView+LJKit.m in Sources */,
				8BA6B23C233B6083001D5ACB /* LJDemoToastViewController.m in Sources */,
				8BFA509623274BB30014F6E0 /* LJDemoBaseController.m in Sources */,
				8BF5F0CD2339C08100996D1B /* LJHttpConfig.m in Sources */,
				8B3BA743234D8AFC00146286 /* LJSliderVerifyView.m in Sources */,
				8BFA5138232A11960014F6E0 /* LJClassDetailController.m in Sources */,
				8BFA512D2328BDB30014F6E0 /* LJHttpResponse.m in Sources */,
				8B3BA746234DA63B00146286 /* LJSliderVerifyImageView.m in Sources */,
				8BDD99E62330BAF300504CDB /* NSFileManager+LJKit.m in Sources */,
				8BF4DE402340782E00B80CB2 /* LJAnimationView.m in Sources */,
				8BFA50F723278A770014F6E0 /* LJAlertViewController.m in Sources */,
				8BDD99DF2330A6E000504CDB /* UIAppDelegate+LJKit.m in Sources */,
				8B3BA73F234D818D00146286 /* LJDatePickerView.m in Sources */,
				8B3BA760234DC10100146286 /* LJGoodsSpecsHeadView.m in Sources */,
				8BDC2C1D2341DFBF000C04DF /* LJBoxTextFieldViewCell.m in Sources */,
				8BFA50EF23278A090014F6E0 /* LJClassHomeController.m in Sources */,
				8BFA50E72327881E0014F6E0 /* UIImage+LJKit.m in Sources */,
				8BDC2C1A2341DFA7000C04DF /* LJBoxTextFieldView.m in Sources */,
				8BCBD2CD2339ECCB0066460D /* LJDemoLocationController.m in Sources */,
				8BFA50EB2327881E0014F6E0 /* LJSandboxViewController.m in Sources */,
				8BFA50E52327881E0014F6E0 /* UIView+LJKit.m in Sources */,
				8BA6B233233B0E27001D5ACB /* LJDemoCustomUIController.m in Sources */,
				8B3BA749234DA64800146286 /* LJSliderVerifySliderView.m in Sources */,
				8B2CA664234F23B3000F6C78 /* LJGoodsOptionSelectedModel.m in Sources */,
				8B2C828722DD6B750026EBF7 /* LJDemoHomeViewController.m in Sources */,
				8BFA50FC23278B080014F6E0 /* LJThemeManager.m in Sources */,
				8BFA51182327A0A80014F6E0 /* LJHttpManager.m in Sources */,
				8BFA50F223278A380014F6E0 /* LJLocationManager.m in Sources */,
				8BDC2C052341A1B7000C04DF /* LJAlertContainerView.m in Sources */,
				8B3BA75A234DBE3D00146286 /* ORSKUDataFilter.m in Sources */,
				8BDC2C112341C9CF000C04DF /* LJToast.m in Sources */,
				8BFA511D23288BDA0014F6E0 /* LJSandboxHomeController.m in Sources */,
				8BFA5135232A0BEA0014F6E0 /* LJClassViewController.m in Sources */,
				8B2B49D92340AFDF0072822F /* QCMethod.m in Sources */,
				8B05D9CA232F6557007A72BF /* LJDemoFileManagerController.m in Sources */,
				8B3BA763234DC12600146286 /* LJGoodsSpecsCountView.m in Sources */,
				8BFA50E62327881E0014F6E0 /* UIViewController+LJKit.m in Sources */,
				8B52F7FD233DA79000D98CFC /* LJDemoAlertViewController.m in Sources */,
				8BFA51162327A0A80014F6E0 /* LJHttpRequest.m in Sources */,
				8BD142752334C94F00201B60 /* LJAuthorityManager.m in Sources */,
				8BFA51192327A0A80014F6E0 /* LJHttpUploadModel.m in Sources */,
				8B2B49D82340AFDF0072822F /* CustomView.m in Sources */,
				8BDC2C0A2341C982000C04DF /* LJWebViewController.m in Sources */,
				8B05D9CE232F91A6007A72BF /* LJDebugLogManager.m in Sources */,
				8BFA51312328D5F40014F6E0 /* NSObject+LJKit.m in Sources */,
				8BFA508423273D010014F6E0 /* LJDemoDebugController.m in Sources */,
				8BFA509923274D3D0014F6E0 /* LJDemoHttpManagerController.m in Sources */,
				8BE1E79223338526009FB19D /* LJDemoImagePickerController.m in Sources */,
				8B3BA767234DE48300146286 /* LJGoodsSpecsCollectionView.m in Sources */,
				8BFA510323278D7A0014F6E0 /* LJImagePickerManager.m in Sources */,
				8BFA512023288C940014F6E0 /* LJSandboxModel.m in Sources */,
				8B3BA76A234DE49200146286 /* LJGoodsSpecsCollectionViewCell.m in Sources */,
				8BF4DE392340750400B80CB2 /* LJDemoAnimationController.m in Sources */,
				8BFA5108232795160014F6E0 /* UIAppDelegate.m in Sources */,
				8BA6B236233B0F24001D5ACB /* LJDemoCustomUIScrollViewController.m in Sources */,
				8B05D9C7232F63CF007A72BF /* LJFileManager.m in Sources */,
				8B3BA75D234DC0D300146286 /* LJGoodsSpecsView.m in Sources */,
				8BDC2C172341DF0A000C04DF /* LJAlertCheckPwdView.m in Sources */,
				8BFA50E92327881E0014F6E0 /* NSDate+LJKit.m in Sources */,
				8BFA512323288CC90014F6E0 /* LJSandboxViewCell.m in Sources */,
				8BDD99E92330CE5800504CDB /* LJCrashAlertView.m in Sources */,
				8B2CA658234F1524000F6C78 /* LJGoodsModel.m in Sources */,
				8BDD99DC2330751400504CDB /* LJDebugLogView.m in Sources */,
				6003F59A195388D20070C39A /* main.m in Sources */,
				8B2CA65B234F1536000F6C78 /* LJGoodsSpecsModel.m in Sources */,
			);
			runOnlyForDeploymentPostprocessing = 0;
		};
		6003F5AA195388D20070C39A /* Sources */ = {
			isa = PBXSourcesBuildPhase;
			buildActionMask = 2147483647;
			files = (
				6003F5BC195388D20070C39A /* Tests.m in Sources */,
			);
			runOnlyForDeploymentPostprocessing = 0;
		};
/* End PBXSourcesBuildPhase section */

/* Begin PBXTargetDependency section */
		6003F5B4195388D20070C39A /* PBXTargetDependency */ = {
			isa = PBXTargetDependency;
			target = 6003F589195388D20070C39A /* LJKit_Example */;
			targetProxy = 6003F5B3195388D20070C39A /* PBXContainerItemProxy */;
		};
/* End PBXTargetDependency section */

/* Begin PBXVariantGroup section */
		6003F596195388D20070C39A /* InfoPlist.strings */ = {
			isa = PBXVariantGroup;
			children = (
				6003F597195388D20070C39A /* en */,
				8B2C829A22DD7ABD0026EBF7 /* zh-Hans */,
			);
			name = InfoPlist.strings;
			sourceTree = "<group>";
		};
		6003F5B8195388D20070C39A /* InfoPlist.strings */ = {
			isa = PBXVariantGroup;
			children = (
				6003F5B9195388D20070C39A /* en */,
				8B2C829C22DD7ABD0026EBF7 /* zh-Hans */,
			);
			name = InfoPlist.strings;
			sourceTree = "<group>";
		};
		71719F9D1E33DC2100824A3D /* LaunchScreen.storyboard */ = {
			isa = PBXVariantGroup;
			children = (
				71719F9E1E33DC2100824A3D /* Base */,
				8B2C829B22DD7ABD0026EBF7 /* zh-Hans */,
				8B2C829D22DD7AC40026EBF7 /* zh-Hans */,
			);
			name = LaunchScreen.storyboard;
			sourceTree = "<group>";
		};
/* End PBXVariantGroup section */

/* Begin XCBuildConfiguration section */
		6003F5BD195388D20070C39A /* Debug */ = {
			isa = XCBuildConfiguration;
			buildSettings = {
				ALWAYS_SEARCH_USER_PATHS = NO;
				CLANG_ANALYZER_LOCALIZABILITY_NONLOCALIZED = YES;
				CLANG_CXX_LANGUAGE_STANDARD = "gnu++0x";
				CLANG_CXX_LIBRARY = "libc++";
				CLANG_ENABLE_MODULES = YES;
				CLANG_ENABLE_OBJC_ARC = YES;
				CLANG_WARN_BLOCK_CAPTURE_AUTORELEASING = YES;
				CLANG_WARN_BOOL_CONVERSION = YES;
				CLANG_WARN_COMMA = YES;
				CLANG_WARN_CONSTANT_CONVERSION = YES;
				CLANG_WARN_DEPRECATED_OBJC_IMPLEMENTATIONS = YES;
				CLANG_WARN_DIRECT_OBJC_ISA_USAGE = YES_ERROR;
				CLANG_WARN_EMPTY_BODY = YES;
				CLANG_WARN_ENUM_CONVERSION = YES;
				CLANG_WARN_INFINITE_RECURSION = YES;
				CLANG_WARN_INT_CONVERSION = YES;
				CLANG_WARN_NON_LITERAL_NULL_CONVERSION = YES;
				CLANG_WARN_OBJC_IMPLICIT_RETAIN_SELF = YES;
				CLANG_WARN_OBJC_LITERAL_CONVERSION = YES;
				CLANG_WARN_OBJC_ROOT_CLASS = YES_ERROR;
				CLANG_WARN_RANGE_LOOP_ANALYSIS = YES;
				CLANG_WARN_STRICT_PROTOTYPES = YES;
				CLANG_WARN_SUSPICIOUS_MOVE = YES;
				CLANG_WARN_UNREACHABLE_CODE = YES;
				CLANG_WARN__DUPLICATE_METHOD_MATCH = YES;
				"CODE_SIGN_IDENTITY[sdk=iphoneos*]" = "iPhone Developer";
				COPY_PHASE_STRIP = NO;
				ENABLE_STRICT_OBJC_MSGSEND = YES;
				ENABLE_TESTABILITY = YES;
				GCC_C_LANGUAGE_STANDARD = gnu99;
				GCC_DYNAMIC_NO_PIC = NO;
				GCC_NO_COMMON_BLOCKS = YES;
				GCC_OPTIMIZATION_LEVEL = 0;
				GCC_PREPROCESSOR_DEFINITIONS = (
					"DEBUG=1",
					"$(inherited)",
				);
				GCC_SYMBOLS_PRIVATE_EXTERN = NO;
				GCC_WARN_64_TO_32_BIT_CONVERSION = YES;
				GCC_WARN_ABOUT_RETURN_TYPE = YES_ERROR;
				GCC_WARN_UNDECLARED_SELECTOR = YES;
				GCC_WARN_UNINITIALIZED_AUTOS = YES_AGGRESSIVE;
				GCC_WARN_UNUSED_FUNCTION = YES;
				GCC_WARN_UNUSED_VARIABLE = YES;
				IPHONEOS_DEPLOYMENT_TARGET = 9.0;
				ONLY_ACTIVE_ARCH = YES;
				SDKROOT = iphoneos;
				TARGETED_DEVICE_FAMILY = "1,2";
			};
			name = Debug;
		};
		6003F5BE195388D20070C39A /* Release */ = {
			isa = XCBuildConfiguration;
			buildSettings = {
				ALWAYS_SEARCH_USER_PATHS = NO;
				CLANG_ANALYZER_LOCALIZABILITY_NONLOCALIZED = YES;
				CLANG_CXX_LANGUAGE_STANDARD = "gnu++0x";
				CLANG_CXX_LIBRARY = "libc++";
				CLANG_ENABLE_MODULES = YES;
				CLANG_ENABLE_OBJC_ARC = YES;
				CLANG_WARN_BLOCK_CAPTURE_AUTORELEASING = YES;
				CLANG_WARN_BOOL_CONVERSION = YES;
				CLANG_WARN_COMMA = YES;
				CLANG_WARN_CONSTANT_CONVERSION = YES;
				CLANG_WARN_DEPRECATED_OBJC_IMPLEMENTATIONS = YES;
				CLANG_WARN_DIRECT_OBJC_ISA_USAGE = YES_ERROR;
				CLANG_WARN_EMPTY_BODY = YES;
				CLANG_WARN_ENUM_CONVERSION = YES;
				CLANG_WARN_INFINITE_RECURSION = YES;
				CLANG_WARN_INT_CONVERSION = YES;
				CLANG_WARN_NON_LITERAL_NULL_CONVERSION = YES;
				CLANG_WARN_OBJC_IMPLICIT_RETAIN_SELF = YES;
				CLANG_WARN_OBJC_LITERAL_CONVERSION = YES;
				CLANG_WARN_OBJC_ROOT_CLASS = YES_ERROR;
				CLANG_WARN_RANGE_LOOP_ANALYSIS = YES;
				CLANG_WARN_STRICT_PROTOTYPES = YES;
				CLANG_WARN_SUSPICIOUS_MOVE = YES;
				CLANG_WARN_UNREACHABLE_CODE = YES;
				CLANG_WARN__DUPLICATE_METHOD_MATCH = YES;
				"CODE_SIGN_IDENTITY[sdk=iphoneos*]" = "iPhone Developer";
				COPY_PHASE_STRIP = YES;
				ENABLE_NS_ASSERTIONS = NO;
				ENABLE_STRICT_OBJC_MSGSEND = YES;
				GCC_C_LANGUAGE_STANDARD = gnu99;
				GCC_NO_COMMON_BLOCKS = YES;
				GCC_WARN_64_TO_32_BIT_CONVERSION = YES;
				GCC_WARN_ABOUT_RETURN_TYPE = YES_ERROR;
				GCC_WARN_UNDECLARED_SELECTOR = YES;
				GCC_WARN_UNINITIALIZED_AUTOS = YES_AGGRESSIVE;
				GCC_WARN_UNUSED_FUNCTION = YES;
				GCC_WARN_UNUSED_VARIABLE = YES;
				IPHONEOS_DEPLOYMENT_TARGET = 9.0;
				SDKROOT = iphoneos;
				TARGETED_DEVICE_FAMILY = "1,2";
				VALIDATE_PRODUCT = YES;
			};
			name = Release;
		};
		6003F5C0195388D20070C39A /* Debug */ = {
			isa = XCBuildConfiguration;
			baseConfigurationReference = B45A2A1940A32C477FEE5A14 /* Pods-LJKit_Example.debug.xcconfig */;
			buildSettings = {
				ASSETCATALOG_COMPILER_APPICON_NAME = AppIcon;
				CLANG_ENABLE_MODULES = YES;
				CODE_SIGN_ENTITLEMENTS = LJKit_Example.entitlements;
				DERIVE_MACCATALYST_PRODUCT_BUNDLE_IDENTIFIER = YES;
				DEVELOPMENT_TEAM = 3SLHUVQHML;
				GCC_PRECOMPILE_PREFIX_HEADER = YES;
				GCC_PREFIX_HEADER = "LJKit/LJKit-Prefix.pch";
				INFOPLIST_FILE = "LJKit/LJKit-Info.plist";
				LD_RUNPATH_SEARCH_PATHS = "$(inherited) @executable_path/Frameworks";
				MODULE_NAME = ExampleApp;
				PRODUCT_BUNDLE_IDENTIFIER = "org.cocoapods.demo.${PRODUCT_NAME:rfc1034identifier}";
				PRODUCT_NAME = "$(TARGET_NAME)";
				SUPPORTS_MACCATALYST = YES;
				SWIFT_OPTIMIZATION_LEVEL = "-Onone";
				SWIFT_VERSION = 5.0;
				TARGETED_DEVICE_FAMILY = "1,2";
				WRAPPER_EXTENSION = app;
			};
			name = Debug;
		};
		6003F5C1195388D20070C39A /* Release */ = {
			isa = XCBuildConfiguration;
			baseConfigurationReference = 64AB2533BEA4784402527DF4 /* Pods-LJKit_Example.release.xcconfig */;
			buildSettings = {
				ASSETCATALOG_COMPILER_APPICON_NAME = AppIcon;
				CLANG_ENABLE_MODULES = YES;
				CODE_SIGN_ENTITLEMENTS = LJKit_Example.entitlements;
				DERIVE_MACCATALYST_PRODUCT_BUNDLE_IDENTIFIER = YES;
				DEVELOPMENT_TEAM = 3SLHUVQHML;
				GCC_PRECOMPILE_PREFIX_HEADER = YES;
				GCC_PREFIX_HEADER = "LJKit/LJKit-Prefix.pch";
				INFOPLIST_FILE = "LJKit/LJKit-Info.plist";
				LD_RUNPATH_SEARCH_PATHS = "$(inherited) @executable_path/Frameworks";
				MODULE_NAME = ExampleApp;
				PRODUCT_BUNDLE_IDENTIFIER = "org.cocoapods.demo.${PRODUCT_NAME:rfc1034identifier}";
				PRODUCT_NAME = "$(TARGET_NAME)";
				SUPPORTS_MACCATALYST = YES;
				SWIFT_VERSION = 5.0;
				TARGETED_DEVICE_FAMILY = "1,2";
				WRAPPER_EXTENSION = app;
			};
			name = Release;
		};
		6003F5C3195388D20070C39A /* Debug */ = {
			isa = XCBuildConfiguration;
			baseConfigurationReference = 09DAA036854CFC2576EC95F3 /* Pods-LJKit_Tests.debug.xcconfig */;
			buildSettings = {
				BUNDLE_LOADER = "$(TEST_HOST)";
				FRAMEWORK_SEARCH_PATHS = (
					"$(SDKROOT)/Developer/Library/Frameworks",
					"$(inherited)",
					"$(DEVELOPER_FRAMEWORKS_DIR)",
				);
				GCC_PRECOMPILE_PREFIX_HEADER = YES;
				GCC_PREFIX_HEADER = "Tests/Tests-Prefix.pch";
				GCC_PREPROCESSOR_DEFINITIONS = (
					"DEBUG=1",
					"$(inherited)",
				);
				INFOPLIST_FILE = "Tests/Tests-Info.plist";
				PRODUCT_BUNDLE_IDENTIFIER = "org.cocoapods.demo.${PRODUCT_NAME:rfc1034identifier}";
				PRODUCT_NAME = "$(TARGET_NAME)";
				TEST_HOST = "$(BUILT_PRODUCTS_DIR)/LJKit_Example.app/LJKit_Example";
				WRAPPER_EXTENSION = xctest;
			};
			name = Debug;
		};
		6003F5C4195388D20070C39A /* Release */ = {
			isa = XCBuildConfiguration;
			baseConfigurationReference = 28816E2AB9BD366FF68BF935 /* Pods-LJKit_Tests.release.xcconfig */;
			buildSettings = {
				BUNDLE_LOADER = "$(TEST_HOST)";
				FRAMEWORK_SEARCH_PATHS = (
					"$(SDKROOT)/Developer/Library/Frameworks",
					"$(inherited)",
					"$(DEVELOPER_FRAMEWORKS_DIR)",
				);
				GCC_PRECOMPILE_PREFIX_HEADER = YES;
				GCC_PREFIX_HEADER = "Tests/Tests-Prefix.pch";
				INFOPLIST_FILE = "Tests/Tests-Info.plist";
				PRODUCT_BUNDLE_IDENTIFIER = "org.cocoapods.demo.${PRODUCT_NAME:rfc1034identifier}";
				PRODUCT_NAME = "$(TARGET_NAME)";
				TEST_HOST = "$(BUILT_PRODUCTS_DIR)/LJKit_Example.app/LJKit_Example";
				WRAPPER_EXTENSION = xctest;
			};
			name = Release;
		};
/* End XCBuildConfiguration section */

/* Begin XCConfigurationList section */
		6003F585195388D10070C39A /* Build configuration list for PBXProject "LJKit" */ = {
			isa = XCConfigurationList;
			buildConfigurations = (
				6003F5BD195388D20070C39A /* Debug */,
				6003F5BE195388D20070C39A /* Release */,
			);
			defaultConfigurationIsVisible = 0;
			defaultConfigurationName = Release;
		};
		6003F5BF195388D20070C39A /* Build configuration list for PBXNativeTarget "LJKit_Example" */ = {
			isa = XCConfigurationList;
			buildConfigurations = (
				6003F5C0195388D20070C39A /* Debug */,
				6003F5C1195388D20070C39A /* Release */,
			);
			defaultConfigurationIsVisible = 0;
			defaultConfigurationName = Release;
		};
		6003F5C2195388D20070C39A /* Build configuration list for PBXNativeTarget "LJKit_Tests" */ = {
			isa = XCConfigurationList;
			buildConfigurations = (
				6003F5C3195388D20070C39A /* Debug */,
				6003F5C4195388D20070C39A /* Release */,
			);
			defaultConfigurationIsVisible = 0;
			defaultConfigurationName = Release;
		};
/* End XCConfigurationList section */
	};
	rootObject = 6003F582195388D10070C39A /* Project object */;
}
